
Microsoft Visual Studio Solution File, Format Version 12.00
# Visual Studio Version 18
VisualStudioVersion = 18.0.11205.157
MinimumVisualStudioVersion = 10.0.40219.1
Project("{2150E333-8FDC-42A3-9474-1A3956D46DE8}") = "01.Shared", "01.Shared", "{A25598C3-6DCB-41F9-4FEB-994D7B703ADE}"
EndProject
Project("{FAE04EC0-301F-11D3-BF4B-00C04F79EFBC}") = "UniManage.Shared.Domain", "01.Shared\UniManage.Shared.Domain\UniManage.Shared.Domain.csproj", "{64917A78-2A8C-4103-8D40-3C84FE54061A}"
EndProject
Project("{FAE04EC0-301F-11D3-BF4B-00C04F79EFBC}") = "UniManage.Shared.Application", "01.Shared\UniManage.Shared.Application\UniManage.Shared.Application.csproj", "{5A84A2DB-3CCC-418A-B8CC-D1111EE04DBF}"
EndProject
Project("{FAE04EC0-301F-11D3-BF4B-00C04F79EFBC}") = "UniManage.Shared.Infrastructure", "01.Shared\UniManage.Shared.Infrastructure\UniManage.Shared.Infrastructure.csproj", "{49A7CAA3-B2D6-433F-9D5D-808A08966A22}"
EndProject
Project("{2150E333-8FDC-42A3-9474-1A3956D46DE8}") = "02.Modules", "02.Modules", "{5D0892C0-6339-BC0F-DF1F-A863E71B000D}"
EndProject
Project("{2150E333-8FDC-42A3-9474-1A3956D46DE8}") = "System", "System", "{D862379E-5FE9-297C-496B-7666CC34677E}"
EndProject
Project("{FAE04EC0-301F-11D3-BF4B-00C04F79EFBC}") = "UniManage.Modules.System.Domain", "02.Modules\System\UniManage.Modules.System.Domain\UniManage.Modules.System.Domain.csproj", "{02B71FB0-F500-4E04-850B-6B9993408A5B}"
EndProject
Project("{FAE04EC0-301F-11D3-BF4B-00C04F79EFBC}") = "UniManage.Modules.System.Application", "02.Modules\System\UniManage.Modules.System.Application\UniManage.Modules.System.Application.csproj", "{B2D36286-7A53-404B-95B0-E7CB7E065658}"
EndProject
Project("{FAE04EC0-301F-11D3-BF4B-00C04F79EFBC}") = "UniManage.Modules.System.Infrastructure", "02.Modules\System\UniManage.Modules.System.Infrastructure\UniManage.Modules.System.Infrastructure.csproj", "{446652C5-5140-41D8-9285-A8D0FD6AAE5D}"
EndProject
Project("{2150E333-8FDC-42A3-9474-1A3956D46DE8}") = "Inventory", "Inventory", "{70D12B7C-5F39-9FFA-677F-B6AB26FA7E82}"
EndProject
Project("{FAE04EC0-301F-11D3-BF4B-00C04F79EFBC}") = "UniManage.Modules.Inventory.Domain", "02.Modules\Inventory\UniManage.Modules.Inventory.Domain\UniManage.Modules.Inventory.Domain.csproj", "{36436DC3-B0DC-4C2B-AEFA-BC3211770D65}"
EndProject
Project("{FAE04EC0-301F-11D3-BF4B-00C04F79EFBC}") = "UniManage.Modules.Inventory.Application", "02.Modules\Inventory\UniManage.Modules.Inventory.Application\UniManage.Modules.Inventory.Application.csproj", "{77EFC322-022D-4D1C-B8F7-FEB90BA54B73}"
EndProject
Project("{FAE04EC0-301F-11D3-BF4B-00C04F79EFBC}") = "UniManage.Modules.Inventory.Infrastructure", "02.Modules\Inventory\UniManage.Modules.Inventory.Infrastructure\UniManage.Modules.Inventory.Infrastructure.csproj", "{A8A29F12-CCD2-4743-8226-5E975333A031}"
EndProject
Project("{2150E333-8FDC-42A3-9474-1A3956D46DE8}") = "03.Apps", "03.Apps", "{E3A569B9-478F-E6DB-6996-63F4D9CC99DD}"
EndProject
Project("{FAE04EC0-301F-11D3-BF4B-00C04F79EFBC}") = "UniManage.WebApi", "03.Apps\UniManage.WebApi\UniManage.WebApi.csproj", "{0861A7C3-7F0C-4B2B-A86E-F4224CEA539F}"
EndProject
Project("{2150E333-8FDC-42A3-9474-1A3956D46DE8}") = "HumanResource", "HumanResource", "{EB5A2D45-2959-E610-3BC2-BAD93B70E443}"
EndProject
Project("{2150E333-8FDC-42A3-9474-1A3956D46DE8}") = "Master", "Master", "{6BAF3701-34F5-7714-3764-3E15BF5F1ADD}"
EndProject
Project("{FAE04EC0-301F-11D3-BF4B-00C04F79EFBC}") = "UniManage.Modules.Master.Domain", "02.Modules\Master\UniManage.Modules.Master.Domain\UniManage.Modules.Master.Domain.csproj", "{95D746CB-C10B-486F-9C95-850B989EDA2B}"
EndProject
Project("{FAE04EC0-301F-11D3-BF4B-00C04F79EFBC}") = "UniManage.Modules.Master.Application", "02.Modules\Master\UniManage.Modules.Master.Application\UniManage.Modules.Master.Application.csproj", "{FCD18C88-73A5-402E-9BF1-62541984BF27}"
EndProject
Project("{FAE04EC0-301F-11D3-BF4B-00C04F79EFBC}") = "UniManage.Modules.Master.Infrastructure", "02.Modules\Master\UniManage.Modules.Master.Infrastructure\UniManage.Modules.Master.Infrastructure.csproj", "{D4A779C6-65D7-4060-B5D4-14F28179033E}"
EndProject
Project("{2150E333-8FDC-42A3-9474-1A3956D46DE8}") = "Sales", "Sales", "{261A1035-1755-4580-F732-F1323D7A9A6B}"
EndProject
Project("{FAE04EC0-301F-11D3-BF4B-00C04F79EFBC}") = "UniManage.Modules.Sales.Domain", "02.Modules\Sales\UniManage.Modules.Sales.Domain\UniManage.Modules.Sales.Domain.csproj", "{F04FEE00-FC31-4CEA-A611-481483A67D78}"
EndProject
Project("{FAE04EC0-301F-11D3-BF4B-00C04F79EFBC}") = "UniManage.Modules.Sales.Application", "02.Modules\Sales\UniManage.Modules.Sales.Application\UniManage.Modules.Sales.Application.csproj", "{158DB991-8DE2-4035-8A3C-7E25585C4C15}"
EndProject
Project("{FAE04EC0-301F-11D3-BF4B-00C04F79EFBC}") = "UniManage.Modules.Sales.Infrastructure", "02.Modules\Sales\UniManage.Modules.Sales.Infrastructure\UniManage.Modules.Sales.Infrastructure.csproj", "{D7916862-EE6F-43C6-85E3-09FD2A2FD16F}"
EndProject
Project("{2150E333-8FDC-42A3-9474-1A3956D46DE8}") = "Workflow", "Workflow", "{F99B0ED4-AD27-76C9-2003-D1F40568CE7D}"
EndProject
Project("{FAE04EC0-301F-11D3-BF4B-00C04F79EFBC}") = "UniManage.Modules.Workflow.Domain", "02.Modules\Workflow\UniManage.Modules.Workflow.Domain\UniManage.Modules.Workflow.Domain.csproj", "{B7C8B86B-A779-42E9-AD44-78173296E374}"
EndProject
Project("{FAE04EC0-301F-11D3-BF4B-00C04F79EFBC}") = "UniManage.Modules.Workflow.Application", "02.Modules\Workflow\UniManage.Modules.Workflow.Application\UniManage.Modules.Workflow.Application.csproj", "{BE38BA8E-214E-4BFB-954A-823BD03871EB}"
EndProject
Project("{FAE04EC0-301F-11D3-BF4B-00C04F79EFBC}") = "UniManage.Modules.Workflow.Infrastructure", "02.Modules\Workflow\UniManage.Modules.Workflow.Infrastructure\UniManage.Modules.Workflow.Infrastructure.csproj", "{1616EF3B-BBB2-450D-B843-CB840F22F59F}"
EndProject
Project("{FAE04EC0-301F-11D3-BF4B-00C04F79EFBC}") = "UniManage.IdentityServer", "03.Apps\UniManage.IdentityServer\UniManage.IdentityServer.csproj", "{FAE75980-B597-4A03-89C5-060A9C35A146}"
EndProject
Project("{FAE04EC0-301F-11D3-BF4B-00C04F79EFBC}") = "UniManage.Worker", "03.Apps\UniManage.Worker\UniManage.Worker.csproj", "{64CAD63C-79C5-4E20-9BE7-B3A58D6A3A92}"
EndProject
Project("{FAE04EC0-301F-11D3-BF4B-00C04F79EFBC}") = "UniManage.Shared.Resource", "01.Shared\UniManage.Shared.Resource\UniManage.Shared.Resource.csproj", "{524E3DCA-A420-4D14-8F02-1688BF8E7007}"
EndProject
Project("{FAE04EC0-301F-11D3-BF4B-00C04F79EFBC}") = "UniManage.Modules.HumanResource.Application", "02.Modules\HumanResource\UniManage.Modules.HumanResource.Application\UniManage.Modules.HumanResource.Application.csproj", "{D9E6B647-0124-F3C5-5C02-4AF169B4C3DE}"
EndProject
Project("{FAE04EC0-301F-11D3-BF4B-00C04F79EFBC}") = "UniManage.Modules.HumanResource.Domain", "02.Modules\HumanResource\UniManage.Modules.HumanResource.Domain\UniManage.Modules.HumanResource.Domain.csproj", "{D293189C-7C32-3250-13CE-46ECC445D52B}"
EndProject
Project("{FAE04EC0-301F-11D3-BF4B-00C04F79EFBC}") = "UniManage.Modules.HumanResource.Infrastructure", "02.Modules\HumanResource\UniManage.Modules.HumanResource.Infrastructure\UniManage.Modules.HumanResource.Infrastructure.csproj", "{ECD10F75-137E-ED97-3AD1-2488FD193ABF}"
EndProject
Project("{2150E333-8FDC-42A3-9474-1A3956D46DE8}") = "04.Tools", "04.Tools", "{9E1C825F-2B65-2AD3-ECFC-87202A0647D4}"
EndProject
Project("{FAE04EC0-301F-11D3-BF4B-00C04F79EFBC}") = "UniManage.Tools.CodeGen", "04.Tools\UniManage.Tools.CodeGen\UniManage.Tools.CodeGen.csproj", "{F231A9D4-A15F-4075-9C78-0DE7EB9EE331}"
EndProject
Global
	GlobalSection(SolutionConfigurationPlatforms) = preSolution
		Debug|Any CPU = Debug|Any CPU
		Debug|x64 = Debug|x64
		Debug|x86 = Debug|x86
		Release_Production|Any CPU = Release_Production|Any CPU
		Release_Production|x64 = Release_Production|x64
		Release_Production|x86 = Release_Production|x86
		Release_Test|Any CPU = Release_Test|Any CPU
		Release_Test|x64 = Release_Test|x64
		Release_Test|x86 = Release_Test|x86
		Release|Any CPU = Release|Any CPU
		Release|x64 = Release|x64
		Release|x86 = Release|x86
	EndGlobalSection
	GlobalSection(ProjectConfigurationPlatforms) = postSolution
		{64917A78-2A8C-4103-8D40-3C84FE54061A}.Debug|Any CPU.ActiveCfg = Debug|Any CPU
		{64917A78-2A8C-4103-8D40-3C84FE54061A}.Debug|Any CPU.Build.0 = Debug|Any CPU
		{64917A78-2A8C-4103-8D40-3C84FE54061A}.Debug|x64.ActiveCfg = Debug|Any CPU
		{64917A78-2A8C-4103-8D40-3C84FE54061A}.Debug|x64.Build.0 = Debug|Any CPU
		{64917A78-2A8C-4103-8D40-3C84FE54061A}.Debug|x86.ActiveCfg = Debug|Any CPU
		{64917A78-2A8C-4103-8D40-3C84FE54061A}.Debug|x86.Build.0 = Debug|Any CPU
		{64917A78-2A8C-4103-8D40-3C84FE54061A}.Release_Production|Any CPU.ActiveCfg = Debug|Any CPU
		{64917A78-2A8C-4103-8D40-3C84FE54061A}.Release_Production|Any CPU.Build.0 = Debug|Any CPU
		{64917A78-2A8C-4103-8D40-3C84FE54061A}.Release_Production|x64.ActiveCfg = Debug|Any CPU
		{64917A78-2A8C-4103-8D40-3C84FE54061A}.Release_Production|x64.Build.0 = Debug|Any CPU
		{64917A78-2A8C-4103-8D40-3C84FE54061A}.Release_Production|x86.ActiveCfg = Debug|Any CPU
		{64917A78-2A8C-4103-8D40-3C84FE54061A}.Release_Production|x86.Build.0 = Debug|Any CPU
		{64917A78-2A8C-4103-8D40-3C84FE54061A}.Release_Test|Any CPU.ActiveCfg = Debug|Any CPU
		{64917A78-2A8C-4103-8D40-3C84FE54061A}.Release_Test|Any CPU.Build.0 = Debug|Any CPU
		{64917A78-2A8C-4103-8D40-3C84FE54061A}.Release_Test|x64.ActiveCfg = Debug|Any CPU
		{64917A78-2A8C-4103-8D40-3C84FE54061A}.Release_Test|x64.Build.0 = Debug|Any CPU
		{64917A78-2A8C-4103-8D40-3C84FE54061A}.Release_Test|x86.ActiveCfg = Debug|Any CPU
		{64917A78-2A8C-4103-8D40-3C84FE54061A}.Release_Test|x86.Build.0 = Debug|Any CPU
		{64917A78-2A8C-4103-8D40-3C84FE54061A}.Release|Any CPU.ActiveCfg = Release|Any CPU
		{64917A78-2A8C-4103-8D40-3C84FE54061A}.Release|Any CPU.Build.0 = Release|Any CPU
		{64917A78-2A8C-4103-8D40-3C84FE54061A}.Release|x64.ActiveCfg = Release|Any CPU
		{64917A78-2A8C-4103-8D40-3C84FE54061A}.Release|x64.Build.0 = Release|Any CPU
		{64917A78-2A8C-4103-8D40-3C84FE54061A}.Release|x86.ActiveCfg = Release|Any CPU
		{64917A78-2A8C-4103-8D40-3C84FE54061A}.Release|x86.Build.0 = Release|Any CPU
		{5A84A2DB-3CCC-418A-B8CC-D1111EE04DBF}.Debug|Any CPU.ActiveCfg = Debug|Any CPU
		{5A84A2DB-3CCC-418A-B8CC-D1111EE04DBF}.Debug|Any CPU.Build.0 = Debug|Any CPU
		{5A84A2DB-3CCC-418A-B8CC-D1111EE04DBF}.Debug|x64.ActiveCfg = Debug|Any CPU
		{5A84A2DB-3CCC-418A-B8CC-D1111EE04DBF}.Debug|x64.Build.0 = Debug|Any CPU
		{5A84A2DB-3CCC-418A-B8CC-D1111EE04DBF}.Debug|x86.ActiveCfg = Debug|Any CPU
		{5A84A2DB-3CCC-418A-B8CC-D1111EE04DBF}.Debug|x86.Build.0 = Debug|Any CPU
		{5A84A2DB-3CCC-418A-B8CC-D1111EE04DBF}.Release_Production|Any CPU.ActiveCfg = Debug|Any CPU
		{5A84A2DB-3CCC-418A-B8CC-D1111EE04DBF}.Release_Production|Any CPU.Build.0 = Debug|Any CPU
		{5A84A2DB-3CCC-418A-B8CC-D1111EE04DBF}.Release_Production|x64.ActiveCfg = Debug|Any CPU
		{5A84A2DB-3CCC-418A-B8CC-D1111EE04DBF}.Release_Production|x64.Build.0 = Debug|Any CPU
		{5A84A2DB-3CCC-418A-B8CC-D1111EE04DBF}.Release_Production|x86.ActiveCfg = Debug|Any CPU
		{5A84A2DB-3CCC-418A-B8CC-D1111EE04DBF}.Release_Production|x86.Build.0 = Debug|Any CPU
		{5A84A2DB-3CCC-418A-B8CC-D1111EE04DBF}.Release_Test|Any CPU.ActiveCfg = Debug|Any CPU
		{5A84A2DB-3CCC-418A-B8CC-D1111EE04DBF}.Release_Test|Any CPU.Build.0 = Debug|Any CPU
		{5A84A2DB-3CCC-418A-B8CC-D1111EE04DBF}.Release_Test|x64.ActiveCfg = Debug|Any CPU
		{5A84A2DB-3CCC-418A-B8CC-D1111EE04DBF}.Release_Test|x64.Build.0 = Debug|Any CPU
		{5A84A2DB-3CCC-418A-B8CC-D1111EE04DBF}.Release_Test|x86.ActiveCfg = Debug|Any CPU
		{5A84A2DB-3CCC-418A-B8CC-D1111EE04DBF}.Release_Test|x86.Build.0 = Debug|Any CPU
		{5A84A2DB-3CCC-418A-B8CC-D1111EE04DBF}.Release|Any CPU.ActiveCfg = Release|Any CPU
		{5A84A2DB-3CCC-418A-B8CC-D1111EE04DBF}.Release|Any CPU.Build.0 = Release|Any CPU
		{5A84A2DB-3CCC-418A-B8CC-D1111EE04DBF}.Release|x64.ActiveCfg = Release|Any CPU
		{5A84A2DB-3CCC-418A-B8CC-D1111EE04DBF}.Release|x64.Build.0 = Release|Any CPU
		{5A84A2DB-3CCC-418A-B8CC-D1111EE04DBF}.Release|x86.ActiveCfg = Release|Any CPU
		{5A84A2DB-3CCC-418A-B8CC-D1111EE04DBF}.Release|x86.Build.0 = Release|Any CPU
		{49A7CAA3-B2D6-433F-9D5D-808A08966A22}.Debug|Any CPU.ActiveCfg = Debug|Any CPU
		{49A7CAA3-B2D6-433F-9D5D-808A08966A22}.Debug|Any CPU.Build.0 = Debug|Any CPU
		{49A7CAA3-B2D6-433F-9D5D-808A08966A22}.Debug|x64.ActiveCfg = Debug|Any CPU
		{49A7CAA3-B2D6-433F-9D5D-808A08966A22}.Debug|x64.Build.0 = Debug|Any CPU
		{49A7CAA3-B2D6-433F-9D5D-808A08966A22}.Debug|x86.ActiveCfg = Debug|Any CPU
		{49A7CAA3-B2D6-433F-9D5D-808A08966A22}.Debug|x86.Build.0 = Debug|Any CPU
		{49A7CAA3-B2D6-433F-9D5D-808A08966A22}.Release_Production|Any CPU.ActiveCfg = Debug|Any CPU
		{49A7CAA3-B2D6-433F-9D5D-808A08966A22}.Release_Production|Any CPU.Build.0 = Debug|Any CPU
		{49A7CAA3-B2D6-433F-9D5D-808A08966A22}.Release_Production|x64.ActiveCfg = Debug|Any CPU
		{49A7CAA3-B2D6-433F-9D5D-808A08966A22}.Release_Production|x64.Build.0 = Debug|Any CPU
		{49A7CAA3-B2D6-433F-9D5D-808A08966A22}.Release_Production|x86.ActiveCfg = Debug|Any CPU
		{49A7CAA3-B2D6-433F-9D5D-808A08966A22}.Release_Production|x86.Build.0 = Debug|Any CPU
		{49A7CAA3-B2D6-433F-9D5D-808A08966A22}.Release_Test|Any CPU.ActiveCfg = Debug|Any CPU
		{49A7CAA3-B2D6-433F-9D5D-808A08966A22}.Release_Test|Any CPU.Build.0 = Debug|Any CPU
		{49A7CAA3-B2D6-433F-9D5D-808A08966A22}.Release_Test|x64.ActiveCfg = Debug|Any CPU
		{49A7CAA3-B2D6-433F-9D5D-808A08966A22}.Release_Test|x64.Build.0 = Debug|Any CPU
		{49A7CAA3-B2D6-433F-9D5D-808A08966A22}.Release_Test|x86.ActiveCfg = Debug|Any CPU
		{49A7CAA3-B2D6-433F-9D5D-808A08966A22}.Release_Test|x86.Build.0 = Debug|Any CPU
		{49A7CAA3-B2D6-433F-9D5D-808A08966A22}.Release|Any CPU.ActiveCfg = Release|Any CPU
		{49A7CAA3-B2D6-433F-9D5D-808A08966A22}.Release|Any CPU.Build.0 = Release|Any CPU
		{49A7CAA3-B2D6-433F-9D5D-808A08966A22}.Release|x64.ActiveCfg = Release|Any CPU
		{49A7CAA3-B2D6-433F-9D5D-808A08966A22}.Release|x64.Build.0 = Release|Any CPU
		{49A7CAA3-B2D6-433F-9D5D-808A08966A22}.Release|x86.ActiveCfg = Release|Any CPU
		{49A7CAA3-B2D6-433F-9D5D-808A08966A22}.Release|x86.Build.0 = Release|Any CPU
		{02B71FB0-F500-4E04-850B-6B9993408A5B}.Debug|Any CPU.ActiveCfg = Debug|Any CPU
		{02B71FB0-F500-4E04-850B-6B9993408A5B}.Debug|Any CPU.Build.0 = Debug|Any CPU
		{02B71FB0-F500-4E04-850B-6B9993408A5B}.Debug|x64.ActiveCfg = Debug|Any CPU
		{02B71FB0-F500-4E04-850B-6B9993408A5B}.Debug|x64.Build.0 = Debug|Any CPU
		{02B71FB0-F500-4E04-850B-6B9993408A5B}.Debug|x86.ActiveCfg = Debug|Any CPU
		{02B71FB0-F500-4E04-850B-6B9993408A5B}.Debug|x86.Build.0 = Debug|Any CPU
		{02B71FB0-F500-4E04-850B-6B9993408A5B}.Release_Production|Any CPU.ActiveCfg = Debug|Any CPU
		{02B71FB0-F500-4E04-850B-6B9993408A5B}.Release_Production|Any CPU.Build.0 = Debug|Any CPU
		{02B71FB0-F500-4E04-850B-6B9993408A5B}.Release_Production|x64.ActiveCfg = Debug|Any CPU
		{02B71FB0-F500-4E04-850B-6B9993408A5B}.Release_Production|x64.Build.0 = Debug|Any CPU
		{02B71FB0-F500-4E04-850B-6B9993408A5B}.Release_Production|x86.ActiveCfg = Debug|Any CPU
		{02B71FB0-F500-4E04-850B-6B9993408A5B}.Release_Production|x86.Build.0 = Debug|Any CPU
		{02B71FB0-F500-4E04-850B-6B9993408A5B}.Release_Test|Any CPU.ActiveCfg = Debug|Any CPU
		{02B71FB0-F500-4E04-850B-6B9993408A5B}.Release_Test|Any CPU.Build.0 = Debug|Any CPU
		{02B71FB0-F500-4E04-850B-6B9993408A5B}.Release_Test|x64.ActiveCfg = Debug|Any CPU
		{02B71FB0-F500-4E04-850B-6B9993408A5B}.Release_Test|x64.Build.0 = Debug|Any CPU
		{02B71FB0-F500-4E04-850B-6B9993408A5B}.Release_Test|x86.ActiveCfg = Debug|Any CPU
		{02B71FB0-F500-4E04-850B-6B9993408A5B}.Release_Test|x86.Build.0 = Debug|Any CPU
		{02B71FB0-F500-4E04-850B-6B9993408A5B}.Release|Any CPU.ActiveCfg = Release|Any CPU
		{02B71FB0-F500-4E04-850B-6B9993408A5B}.Release|Any CPU.Build.0 = Release|Any CPU
		{02B71FB0-F500-4E04-850B-6B9993408A5B}.Release|x64.ActiveCfg = Release|Any CPU
		{02B71FB0-F500-4E04-850B-6B9993408A5B}.Release|x64.Build.0 = Release|Any CPU
		{02B71FB0-F500-4E04-850B-6B9993408A5B}.Release|x86.ActiveCfg = Release|Any CPU
		{02B71FB0-F500-4E04-850B-6B9993408A5B}.Release|x86.Build.0 = Release|Any CPU
		{B2D36286-7A53-404B-95B0-E7CB7E065658}.Debug|Any CPU.ActiveCfg = Debug|Any CPU
		{B2D36286-7A53-404B-95B0-E7CB7E065658}.Debug|Any CPU.Build.0 = Debug|Any CPU
		{B2D36286-7A53-404B-95B0-E7CB7E065658}.Debug|x64.ActiveCfg = Debug|Any CPU
		{B2D36286-7A53-404B-95B0-E7CB7E065658}.Debug|x64.Build.0 = Debug|Any CPU
		{B2D36286-7A53-404B-95B0-E7CB7E065658}.Debug|x86.ActiveCfg = Debug|Any CPU
		{B2D36286-7A53-404B-95B0-E7CB7E065658}.Debug|x86.Build.0 = Debug|Any CPU
		{B2D36286-7A53-404B-95B0-E7CB7E065658}.Release_Production|Any CPU.ActiveCfg = Debug|Any CPU
		{B2D36286-7A53-404B-95B0-E7CB7E065658}.Release_Production|Any CPU.Build.0 = Debug|Any CPU
		{B2D36286-7A53-404B-95B0-E7CB7E065658}.Release_Production|x64.ActiveCfg = Debug|Any CPU
		{B2D36286-7A53-404B-95B0-E7CB7E065658}.Release_Production|x64.Build.0 = Debug|Any CPU
		{B2D36286-7A53-404B-95B0-E7CB7E065658}.Release_Production|x86.ActiveCfg = Debug|Any CPU
		{B2D36286-7A53-404B-95B0-E7CB7E065658}.Release_Production|x86.Build.0 = Debug|Any CPU
		{B2D36286-7A53-404B-95B0-E7CB7E065658}.Release_Test|Any CPU.ActiveCfg = Debug|Any CPU
		{B2D36286-7A53-404B-95B0-E7CB7E065658}.Release_Test|Any CPU.Build.0 = Debug|Any CPU
		{B2D36286-7A53-404B-95B0-E7CB7E065658}.Release_Test|x64.ActiveCfg = Debug|Any CPU
		{B2D36286-7A53-404B-95B0-E7CB7E065658}.Release_Test|x64.Build.0 = Debug|Any CPU
		{B2D36286-7A53-404B-95B0-E7CB7E065658}.Release_Test|x86.ActiveCfg = Debug|Any CPU
		{B2D36286-7A53-404B-95B0-E7CB7E065658}.Release_Test|x86.Build.0 = Debug|Any CPU
		{B2D36286-7A53-404B-95B0-E7CB7E065658}.Release|Any CPU.ActiveCfg = Release|Any CPU
		{B2D36286-7A53-404B-95B0-E7CB7E065658}.Release|Any CPU.Build.0 = Release|Any CPU
		{B2D36286-7A53-404B-95B0-E7CB7E065658}.Release|x64.ActiveCfg = Release|Any CPU
		{B2D36286-7A53-404B-95B0-E7CB7E065658}.Release|x64.Build.0 = Release|Any CPU
		{B2D36286-7A53-404B-95B0-E7CB7E065658}.Release|x86.ActiveCfg = Release|Any CPU
		{B2D36286-7A53-404B-95B0-E7CB7E065658}.Release|x86.Build.0 = Release|Any CPU
		{446652C5-5140-41D8-9285-A8D0FD6AAE5D}.Debug|Any CPU.ActiveCfg = Debug|Any CPU
		{446652C5-5140-41D8-9285-A8D0FD6AAE5D}.Debug|Any CPU.Build.0 = Debug|Any CPU
		{446652C5-5140-41D8-9285-A8D0FD6AAE5D}.Debug|x64.ActiveCfg = Debug|Any CPU
		{446652C5-5140-41D8-9285-A8D0FD6AAE5D}.Debug|x64.Build.0 = Debug|Any CPU
		{446652C5-5140-41D8-9285-A8D0FD6AAE5D}.Debug|x86.ActiveCfg = Debug|Any CPU
		{446652C5-5140-41D8-9285-A8D0FD6AAE5D}.Debug|x86.Build.0 = Debug|Any CPU
		{446652C5-5140-41D8-9285-A8D0FD6AAE5D}.Release_Production|Any CPU.ActiveCfg = Debug|Any CPU
		{446652C5-5140-41D8-9285-A8D0FD6AAE5D}.Release_Production|Any CPU.Build.0 = Debug|Any CPU
		{446652C5-5140-41D8-9285-A8D0FD6AAE5D}.Release_Production|x64.ActiveCfg = Debug|Any CPU
		{446652C5-5140-41D8-9285-A8D0FD6AAE5D}.Release_Production|x64.Build.0 = Debug|Any CPU
		{446652C5-5140-41D8-9285-A8D0FD6AAE5D}.Release_Production|x86.ActiveCfg = Debug|Any CPU
		{446652C5-5140-41D8-9285-A8D0FD6AAE5D}.Release_Production|x86.Build.0 = Debug|Any CPU
		{446652C5-5140-41D8-9285-A8D0FD6AAE5D}.Release_Test|Any CPU.ActiveCfg = Debug|Any CPU
		{446652C5-5140-41D8-9285-A8D0FD6AAE5D}.Release_Test|Any CPU.Build.0 = Debug|Any CPU
		{446652C5-5140-41D8-9285-A8D0FD6AAE5D}.Release_Test|x64.ActiveCfg = Debug|Any CPU
		{446652C5-5140-41D8-9285-A8D0FD6AAE5D}.Release_Test|x64.Build.0 = Debug|Any CPU
		{446652C5-5140-41D8-9285-A8D0FD6AAE5D}.Release_Test|x86.ActiveCfg = Debug|Any CPU
		{446652C5-5140-41D8-9285-A8D0FD6AAE5D}.Release_Test|x86.Build.0 = Debug|Any CPU
		{446652C5-5140-41D8-9285-A8D0FD6AAE5D}.Release|Any CPU.ActiveCfg = Release|Any CPU
		{446652C5-5140-41D8-9285-A8D0FD6AAE5D}.Release|Any CPU.Build.0 = Release|Any CPU
		{446652C5-5140-41D8-9285-A8D0FD6AAE5D}.Release|x64.ActiveCfg = Release|Any CPU
		{446652C5-5140-41D8-9285-A8D0FD6AAE5D}.Release|x64.Build.0 = Release|Any CPU
		{446652C5-5140-41D8-9285-A8D0FD6AAE5D}.Release|x86.ActiveCfg = Release|Any CPU
		{446652C5-5140-41D8-9285-A8D0FD6AAE5D}.Release|x86.Build.0 = Release|Any CPU
		{36436DC3-B0DC-4C2B-AEFA-BC3211770D65}.Debug|Any CPU.ActiveCfg = Debug|Any CPU
		{36436DC3-B0DC-4C2B-AEFA-BC3211770D65}.Debug|Any CPU.Build.0 = Debug|Any CPU
		{36436DC3-B0DC-4C2B-AEFA-BC3211770D65}.Debug|x64.ActiveCfg = Debug|Any CPU
		{36436DC3-B0DC-4C2B-AEFA-BC3211770D65}.Debug|x64.Build.0 = Debug|Any CPU
		{36436DC3-B0DC-4C2B-AEFA-BC3211770D65}.Debug|x86.ActiveCfg = Debug|Any CPU
		{36436DC3-B0DC-4C2B-AEFA-BC3211770D65}.Debug|x86.Build.0 = Debug|Any CPU
		{36436DC3-B0DC-4C2B-AEFA-BC3211770D65}.Release_Production|Any CPU.ActiveCfg = Debug|Any CPU
		{36436DC3-B0DC-4C2B-AEFA-BC3211770D65}.Release_Production|Any CPU.Build.0 = Debug|Any CPU
		{36436DC3-B0DC-4C2B-AEFA-BC3211770D65}.Release_Production|x64.ActiveCfg = Debug|Any CPU
		{36436DC3-B0DC-4C2B-AEFA-BC3211770D65}.Release_Production|x64.Build.0 = Debug|Any CPU
		{36436DC3-B0DC-4C2B-AEFA-BC3211770D65}.Release_Production|x86.ActiveCfg = Debug|Any CPU
		{36436DC3-B0DC-4C2B-AEFA-BC3211770D65}.Release_Production|x86.Build.0 = Debug|Any CPU
		{36436DC3-B0DC-4C2B-AEFA-BC3211770D65}.Release_Test|Any CPU.ActiveCfg = Debug|Any CPU
		{36436DC3-B0DC-4C2B-AEFA-BC3211770D65}.Release_Test|Any CPU.Build.0 = Debug|Any CPU
		{36436DC3-B0DC-4C2B-AEFA-BC3211770D65}.Release_Test|x64.ActiveCfg = Debug|Any CPU
		{36436DC3-B0DC-4C2B-AEFA-BC3211770D65}.Release_Test|x64.Build.0 = Debug|Any CPU
		{36436DC3-B0DC-4C2B-AEFA-BC3211770D65}.Release_Test|x86.ActiveCfg = Debug|Any CPU
		{36436DC3-B0DC-4C2B-AEFA-BC3211770D65}.Release_Test|x86.Build.0 = Debug|Any CPU
		{36436DC3-B0DC-4C2B-AEFA-BC3211770D65}.Release|Any CPU.ActiveCfg = Release|Any CPU
		{36436DC3-B0DC-4C2B-AEFA-BC3211770D65}.Release|Any CPU.Build.0 = Release|Any CPU
		{36436DC3-B0DC-4C2B-AEFA-BC3211770D65}.Release|x64.ActiveCfg = Release|Any CPU
		{36436DC3-B0DC-4C2B-AEFA-BC3211770D65}.Release|x64.Build.0 = Release|Any CPU
		{36436DC3-B0DC-4C2B-AEFA-BC3211770D65}.Release|x86.ActiveCfg = Release|Any CPU
		{36436DC3-B0DC-4C2B-AEFA-BC3211770D65}.Release|x86.Build.0 = Release|Any CPU
		{77EFC322-022D-4D1C-B8F7-FEB90BA54B73}.Debug|Any CPU.ActiveCfg = Debug|Any CPU
		{77EFC322-022D-4D1C-B8F7-FEB90BA54B73}.Debug|Any CPU.Build.0 = Debug|Any CPU
		{77EFC322-022D-4D1C-B8F7-FEB90BA54B73}.Debug|x64.ActiveCfg = Debug|Any CPU
		{77EFC322-022D-4D1C-B8F7-FEB90BA54B73}.Debug|x64.Build.0 = Debug|Any CPU
		{77EFC322-022D-4D1C-B8F7-FEB90BA54B73}.Debug|x86.ActiveCfg = Debug|Any CPU
		{77EFC322-022D-4D1C-B8F7-FEB90BA54B73}.Debug|x86.Build.0 = Debug|Any CPU
		{77EFC322-022D-4D1C-B8F7-FEB90BA54B73}.Release_Production|Any CPU.ActiveCfg = Debug|Any CPU
		{77EFC322-022D-4D1C-B8F7-FEB90BA54B73}.Release_Production|Any CPU.Build.0 = Debug|Any CPU
		{77EFC322-022D-4D1C-B8F7-FEB90BA54B73}.Release_Production|x64.ActiveCfg = Debug|Any CPU
		{77EFC322-022D-4D1C-B8F7-FEB90BA54B73}.Release_Production|x64.Build.0 = Debug|Any CPU
		{77EFC322-022D-4D1C-B8F7-FEB90BA54B73}.Release_Production|x86.ActiveCfg = Debug|Any CPU
		{77EFC322-022D-4D1C-B8F7-FEB90BA54B73}.Release_Production|x86.Build.0 = Debug|Any CPU
		{77EFC322-022D-4D1C-B8F7-FEB90BA54B73}.Release_Test|Any CPU.ActiveCfg = Debug|Any CPU
		{77EFC322-022D-4D1C-B8F7-FEB90BA54B73}.Release_Test|Any CPU.Build.0 = Debug|Any CPU
		{77EFC322-022D-4D1C-B8F7-FEB90BA54B73}.Release_Test|x64.ActiveCfg = Debug|Any CPU
		{77EFC322-022D-4D1C-B8F7-FEB90BA54B73}.Release_Test|x64.Build.0 = Debug|Any CPU
		{77EFC322-022D-4D1C-B8F7-FEB90BA54B73}.Release_Test|x86.ActiveCfg = Debug|Any CPU
		{77EFC322-022D-4D1C-B8F7-FEB90BA54B73}.Release_Test|x86.Build.0 = Debug|Any CPU
		{77EFC322-022D-4D1C-B8F7-FEB90BA54B73}.Release|Any CPU.ActiveCfg = Release|Any CPU
		{77EFC322-022D-4D1C-B8F7-FEB90BA54B73}.Release|Any CPU.Build.0 = Release|Any CPU
		{77EFC322-022D-4D1C-B8F7-FEB90BA54B73}.Release|x64.ActiveCfg = Release|Any CPU
		{77EFC322-022D-4D1C-B8F7-FEB90BA54B73}.Release|x64.Build.0 = Release|Any CPU
		{77EFC322-022D-4D1C-B8F7-FEB90BA54B73}.Release|x86.ActiveCfg = Release|Any CPU
		{77EFC322-022D-4D1C-B8F7-FEB90BA54B73}.Release|x86.Build.0 = Release|Any CPU
		{A8A29F12-CCD2-4743-8226-5E975333A031}.Debug|Any CPU.ActiveCfg = Debug|Any CPU
		{A8A29F12-CCD2-4743-8226-5E975333A031}.Debug|Any CPU.Build.0 = Debug|Any CPU
		{A8A29F12-CCD2-4743-8226-5E975333A031}.Debug|x64.ActiveCfg = Debug|Any CPU
		{A8A29F12-CCD2-4743-8226-5E975333A031}.Debug|x64.Build.0 = Debug|Any CPU
		{A8A29F12-CCD2-4743-8226-5E975333A031}.Debug|x86.ActiveCfg = Debug|Any CPU
		{A8A29F12-CCD2-4743-8226-5E975333A031}.Debug|x86.Build.0 = Debug|Any CPU
		{A8A29F12-CCD2-4743-8226-5E975333A031}.Release_Production|Any CPU.ActiveCfg = Debug|Any CPU
		{A8A29F12-CCD2-4743-8226-5E975333A031}.Release_Production|Any CPU.Build.0 = Debug|Any CPU
		{A8A29F12-CCD2-4743-8226-5E975333A031}.Release_Production|x64.ActiveCfg = Debug|Any CPU
		{A8A29F12-CCD2-4743-8226-5E975333A031}.Release_Production|x64.Build.0 = Debug|Any CPU
		{A8A29F12-CCD2-4743-8226-5E975333A031}.Release_Production|x86.ActiveCfg = Debug|Any CPU
		{A8A29F12-CCD2-4743-8226-5E975333A031}.Release_Production|x86.Build.0 = Debug|Any CPU
		{A8A29F12-CCD2-4743-8226-5E975333A031}.Release_Test|Any CPU.ActiveCfg = Debug|Any CPU
		{A8A29F12-CCD2-4743-8226-5E975333A031}.Release_Test|Any CPU.Build.0 = Debug|Any CPU
		{A8A29F12-CCD2-4743-8226-5E975333A031}.Release_Test|x64.ActiveCfg = Debug|Any CPU
		{A8A29F12-CCD2-4743-8226-5E975333A031}.Release_Test|x64.Build.0 = Debug|Any CPU
		{A8A29F12-CCD2-4743-8226-5E975333A031}.Release_Test|x86.ActiveCfg = Debug|Any CPU
		{A8A29F12-CCD2-4743-8226-5E975333A031}.Release_Test|x86.Build.0 = Debug|Any CPU
		{A8A29F12-CCD2-4743-8226-5E975333A031}.Release|Any CPU.ActiveCfg = Release|Any CPU
		{A8A29F12-CCD2-4743-8226-5E975333A031}.Release|Any CPU.Build.0 = Release|Any CPU
		{A8A29F12-CCD2-4743-8226-5E975333A031}.Release|x64.ActiveCfg = Release|Any CPU
		{A8A29F12-CCD2-4743-8226-5E975333A031}.Release|x64.Build.0 = Release|Any CPU
		{A8A29F12-CCD2-4743-8226-5E975333A031}.Release|x86.ActiveCfg = Release|Any CPU
		{A8A29F12-CCD2-4743-8226-5E975333A031}.Release|x86.Build.0 = Release|Any CPU
		{0861A7C3-7F0C-4B2B-A86E-F4224CEA539F}.Debug|Any CPU.ActiveCfg = Debug|Any CPU
		{0861A7C3-7F0C-4B2B-A86E-F4224CEA539F}.Debug|Any CPU.Build.0 = Debug|Any CPU
		{0861A7C3-7F0C-4B2B-A86E-F4224CEA539F}.Debug|x64.ActiveCfg = Debug|Any CPU
		{0861A7C3-7F0C-4B2B-A86E-F4224CEA539F}.Debug|x64.Build.0 = Debug|Any CPU
		{0861A7C3-7F0C-4B2B-A86E-F4224CEA539F}.Debug|x86.ActiveCfg = Debug|Any CPU
		{0861A7C3-7F0C-4B2B-A86E-F4224CEA539F}.Debug|x86.Build.0 = Debug|Any CPU
		{0861A7C3-7F0C-4B2B-A86E-F4224CEA539F}.Release_Production|Any CPU.ActiveCfg = Debug|Any CPU
		{0861A7C3-7F0C-4B2B-A86E-F4224CEA539F}.Release_Production|Any CPU.Build.0 = Debug|Any CPU
		{0861A7C3-7F0C-4B2B-A86E-F4224CEA539F}.Release_Production|x64.ActiveCfg = Debug|Any CPU
		{0861A7C3-7F0C-4B2B-A86E-F4224CEA539F}.Release_Production|x64.Build.0 = Debug|Any CPU
		{0861A7C3-7F0C-4B2B-A86E-F4224CEA539F}.Release_Production|x86.ActiveCfg = Debug|Any CPU
		{0861A7C3-7F0C-4B2B-A86E-F4224CEA539F}.Release_Production|x86.Build.0 = Debug|Any CPU
		{0861A7C3-7F0C-4B2B-A86E-F4224CEA539F}.Release_Test|Any CPU.ActiveCfg = Debug|Any CPU
		{0861A7C3-7F0C-4B2B-A86E-F4224CEA539F}.Release_Test|Any CPU.Build.0 = Debug|Any CPU
		{0861A7C3-7F0C-4B2B-A86E-F4224CEA539F}.Release_Test|x64.ActiveCfg = Debug|Any CPU
		{0861A7C3-7F0C-4B2B-A86E-F4224CEA539F}.Release_Test|x64.Build.0 = Debug|Any CPU
		{0861A7C3-7F0C-4B2B-A86E-F4224CEA539F}.Release_Test|x86.ActiveCfg = Debug|Any CPU
		{0861A7C3-7F0C-4B2B-A86E-F4224CEA539F}.Release_Test|x86.Build.0 = Debug|Any CPU
		{0861A7C3-7F0C-4B2B-A86E-F4224CEA539F}.Release|Any CPU.ActiveCfg = Release|Any CPU
		{0861A7C3-7F0C-4B2B-A86E-F4224CEA539F}.Release|Any CPU.Build.0 = Release|Any CPU
		{0861A7C3-7F0C-4B2B-A86E-F4224CEA539F}.Release|x64.ActiveCfg = Release|Any CPU
		{0861A7C3-7F0C-4B2B-A86E-F4224CEA539F}.Release|x64.Build.0 = Release|Any CPU
		{0861A7C3-7F0C-4B2B-A86E-F4224CEA539F}.Release|x86.ActiveCfg = Release|Any CPU
		{0861A7C3-7F0C-4B2B-A86E-F4224CEA539F}.Release|x86.Build.0 = Release|Any CPU
		{95D746CB-C10B-486F-9C95-850B989EDA2B}.Debug|Any CPU.ActiveCfg = Debug|Any CPU
		{95D746CB-C10B-486F-9C95-850B989EDA2B}.Debug|Any CPU.Build.0 = Debug|Any CPU
		{95D746CB-C10B-486F-9C95-850B989EDA2B}.Debug|x64.ActiveCfg = Debug|Any CPU
		{95D746CB-C10B-486F-9C95-850B989EDA2B}.Debug|x64.Build.0 = Debug|Any CPU
		{95D746CB-C10B-486F-9C95-850B989EDA2B}.Debug|x86.ActiveCfg = Debug|Any CPU
		{95D746CB-C10B-486F-9C95-850B989EDA2B}.Debug|x86.Build.0 = Debug|Any CPU
		{95D746CB-C10B-486F-9C95-850B989EDA2B}.Release_Production|Any CPU.ActiveCfg = Debug|Any CPU
		{95D746CB-C10B-486F-9C95-850B989EDA2B}.Release_Production|Any CPU.Build.0 = Debug|Any CPU
		{95D746CB-C10B-486F-9C95-850B989EDA2B}.Release_Production|x64.ActiveCfg = Debug|Any CPU
		{95D746CB-C10B-486F-9C95-850B989EDA2B}.Release_Production|x64.Build.0 = Debug|Any CPU
		{95D746CB-C10B-486F-9C95-850B989EDA2B}.Release_Production|x86.ActiveCfg = Debug|Any CPU
		{95D746CB-C10B-486F-9C95-850B989EDA2B}.Release_Production|x86.Build.0 = Debug|Any CPU
		{95D746CB-C10B-486F-9C95-850B989EDA2B}.Release_Test|Any CPU.ActiveCfg = Debug|Any CPU
		{95D746CB-C10B-486F-9C95-850B989EDA2B}.Release_Test|Any CPU.Build.0 = Debug|Any CPU
		{95D746CB-C10B-486F-9C95-850B989EDA2B}.Release_Test|x64.ActiveCfg = Debug|Any CPU
		{95D746CB-C10B-486F-9C95-850B989EDA2B}.Release_Test|x64.Build.0 = Debug|Any CPU
		{95D746CB-C10B-486F-9C95-850B989EDA2B}.Release_Test|x86.ActiveCfg = Debug|Any CPU
		{95D746CB-C10B-486F-9C95-850B989EDA2B}.Release_Test|x86.Build.0 = Debug|Any CPU
		{95D746CB-C10B-486F-9C95-850B989EDA2B}.Release|Any CPU.ActiveCfg = Release|Any CPU
		{95D746CB-C10B-486F-9C95-850B989EDA2B}.Release|Any CPU.Build.0 = Release|Any CPU
		{95D746CB-C10B-486F-9C95-850B989EDA2B}.Release|x64.ActiveCfg = Release|Any CPU
		{95D746CB-C10B-486F-9C95-850B989EDA2B}.Release|x64.Build.0 = Release|Any CPU
		{95D746CB-C10B-486F-9C95-850B989EDA2B}.Release|x86.ActiveCfg = Release|Any CPU
		{95D746CB-C10B-486F-9C95-850B989EDA2B}.Release|x86.Build.0 = Release|Any CPU
		{FCD18C88-73A5-402E-9BF1-62541984BF27}.Debug|Any CPU.ActiveCfg = Debug|Any CPU
		{FCD18C88-73A5-402E-9BF1-62541984BF27}.Debug|Any CPU.Build.0 = Debug|Any CPU
		{FCD18C88-73A5-402E-9BF1-62541984BF27}.Debug|x64.ActiveCfg = Debug|Any CPU
		{FCD18C88-73A5-402E-9BF1-62541984BF27}.Debug|x64.Build.0 = Debug|Any CPU
		{FCD18C88-73A5-402E-9BF1-62541984BF27}.Debug|x86.ActiveCfg = Debug|Any CPU
		{FCD18C88-73A5-402E-9BF1-62541984BF27}.Debug|x86.Build.0 = Debug|Any CPU
		{FCD18C88-73A5-402E-9BF1-62541984BF27}.Release_Production|Any CPU.ActiveCfg = Debug|Any CPU
		{FCD18C88-73A5-402E-9BF1-62541984BF27}.Release_Production|Any CPU.Build.0 = Debug|Any CPU
		{FCD18C88-73A5-402E-9BF1-62541984BF27}.Release_Production|x64.ActiveCfg = Debug|Any CPU
		{FCD18C88-73A5-402E-9BF1-62541984BF27}.Release_Production|x64.Build.0 = Debug|Any CPU
		{FCD18C88-73A5-402E-9BF1-62541984BF27}.Release_Production|x86.ActiveCfg = Debug|Any CPU
		{FCD18C88-73A5-402E-9BF1-62541984BF27}.Release_Production|x86.Build.0 = Debug|Any CPU
		{FCD18C88-73A5-402E-9BF1-62541984BF27}.Release_Test|Any CPU.ActiveCfg = Debug|Any CPU
		{FCD18C88-73A5-402E-9BF1-62541984BF27}.Release_Test|Any CPU.Build.0 = Debug|Any CPU
		{FCD18C88-73A5-402E-9BF1-62541984BF27}.Release_Test|x64.ActiveCfg = Debug|Any CPU
		{FCD18C88-73A5-402E-9BF1-62541984BF27}.Release_Test|x64.Build.0 = Debug|Any CPU
		{FCD18C88-73A5-402E-9BF1-62541984BF27}.Release_Test|x86.ActiveCfg = Debug|Any CPU
		{FCD18C88-73A5-402E-9BF1-62541984BF27}.Release_Test|x86.Build.0 = Debug|Any CPU
		{FCD18C88-73A5-402E-9BF1-62541984BF27}.Release|Any CPU.ActiveCfg = Release|Any CPU
		{FCD18C88-73A5-402E-9BF1-62541984BF27}.Release|Any CPU.Build.0 = Release|Any CPU
		{FCD18C88-73A5-402E-9BF1-62541984BF27}.Release|x64.ActiveCfg = Release|Any CPU
		{FCD18C88-73A5-402E-9BF1-62541984BF27}.Release|x64.Build.0 = Release|Any CPU
		{FCD18C88-73A5-402E-9BF1-62541984BF27}.Release|x86.ActiveCfg = Release|Any CPU
		{FCD18C88-73A5-402E-9BF1-62541984BF27}.Release|x86.Build.0 = Release|Any CPU
		{D4A779C6-65D7-4060-B5D4-14F28179033E}.Debug|Any CPU.ActiveCfg = Debug|Any CPU
		{D4A779C6-65D7-4060-B5D4-14F28179033E}.Debug|Any CPU.Build.0 = Debug|Any CPU
		{D4A779C6-65D7-4060-B5D4-14F28179033E}.Debug|x64.ActiveCfg = Debug|Any CPU
		{D4A779C6-65D7-4060-B5D4-14F28179033E}.Debug|x64.Build.0 = Debug|Any CPU
		{D4A779C6-65D7-4060-B5D4-14F28179033E}.Debug|x86.ActiveCfg = Debug|Any CPU
		{D4A779C6-65D7-4060-B5D4-14F28179033E}.Debug|x86.Build.0 = Debug|Any CPU
		{D4A779C6-65D7-4060-B5D4-14F28179033E}.Release_Production|Any CPU.ActiveCfg = Debug|Any CPU
		{D4A779C6-65D7-4060-B5D4-14F28179033E}.Release_Production|Any CPU.Build.0 = Debug|Any CPU
		{D4A779C6-65D7-4060-B5D4-14F28179033E}.Release_Production|x64.ActiveCfg = Debug|Any CPU
		{D4A779C6-65D7-4060-B5D4-14F28179033E}.Release_Production|x64.Build.0 = Debug|Any CPU
		{D4A779C6-65D7-4060-B5D4-14F28179033E}.Release_Production|x86.ActiveCfg = Debug|Any CPU
		{D4A779C6-65D7-4060-B5D4-14F28179033E}.Release_Production|x86.Build.0 = Debug|Any CPU
		{D4A779C6-65D7-4060-B5D4-14F28179033E}.Release_Test|Any CPU.ActiveCfg = Debug|Any CPU
		{D4A779C6-65D7-4060-B5D4-14F28179033E}.Release_Test|Any CPU.Build.0 = Debug|Any CPU
		{D4A779C6-65D7-4060-B5D4-14F28179033E}.Release_Test|x64.ActiveCfg = Debug|Any CPU
		{D4A779C6-65D7-4060-B5D4-14F28179033E}.Release_Test|x64.Build.0 = Debug|Any CPU
		{D4A779C6-65D7-4060-B5D4-14F28179033E}.Release_Test|x86.ActiveCfg = Debug|Any CPU
		{D4A779C6-65D7-4060-B5D4-14F28179033E}.Release_Test|x86.Build.0 = Debug|Any CPU
		{D4A779C6-65D7-4060-B5D4-14F28179033E}.Release|Any CPU.ActiveCfg = Release|Any CPU
		{D4A779C6-65D7-4060-B5D4-14F28179033E}.Release|Any CPU.Build.0 = Release|Any CPU
		{D4A779C6-65D7-4060-B5D4-14F28179033E}.Release|x64.ActiveCfg = Release|Any CPU
		{D4A779C6-65D7-4060-B5D4-14F28179033E}.Release|x64.Build.0 = Release|Any CPU
		{D4A779C6-65D7-4060-B5D4-14F28179033E}.Release|x86.ActiveCfg = Release|Any CPU
		{D4A779C6-65D7-4060-B5D4-14F28179033E}.Release|x86.Build.0 = Release|Any CPU
		{F04FEE00-FC31-4CEA-A611-481483A67D78}.Debug|Any CPU.ActiveCfg = Debug|Any CPU
		{F04FEE00-FC31-4CEA-A611-481483A67D78}.Debug|Any CPU.Build.0 = Debug|Any CPU
		{F04FEE00-FC31-4CEA-A611-481483A67D78}.Debug|x64.ActiveCfg = Debug|Any CPU
		{F04FEE00-FC31-4CEA-A611-481483A67D78}.Debug|x64.Build.0 = Debug|Any CPU
		{F04FEE00-FC31-4CEA-A611-481483A67D78}.Debug|x86.ActiveCfg = Debug|Any CPU
		{F04FEE00-FC31-4CEA-A611-481483A67D78}.Debug|x86.Build.0 = Debug|Any CPU
		{F04FEE00-FC31-4CEA-A611-481483A67D78}.Release_Production|Any CPU.ActiveCfg = Debug|Any CPU
		{F04FEE00-FC31-4CEA-A611-481483A67D78}.Release_Production|Any CPU.Build.0 = Debug|Any CPU
		{F04FEE00-FC31-4CEA-A611-481483A67D78}.Release_Production|x64.ActiveCfg = Debug|Any CPU
		{F04FEE00-FC31-4CEA-A611-481483A67D78}.Release_Production|x64.Build.0 = Debug|Any CPU
		{F04FEE00-FC31-4CEA-A611-481483A67D78}.Release_Production|x86.ActiveCfg = Debug|Any CPU
		{F04FEE00-FC31-4CEA-A611-481483A67D78}.Release_Production|x86.Build.0 = Debug|Any CPU
		{F04FEE00-FC31-4CEA-A611-481483A67D78}.Release_Test|Any CPU.ActiveCfg = Debug|Any CPU
		{F04FEE00-FC31-4CEA-A611-481483A67D78}.Release_Test|Any CPU.Build.0 = Debug|Any CPU
		{F04FEE00-FC31-4CEA-A611-481483A67D78}.Release_Test|x64.ActiveCfg = Debug|Any CPU
		{F04FEE00-FC31-4CEA-A611-481483A67D78}.Release_Test|x64.Build.0 = Debug|Any CPU
		{F04FEE00-FC31-4CEA-A611-481483A67D78}.Release_Test|x86.ActiveCfg = Debug|Any CPU
		{F04FEE00-FC31-4CEA-A611-481483A67D78}.Release_Test|x86.Build.0 = Debug|Any CPU
		{F04FEE00-FC31-4CEA-A611-481483A67D78}.Release|Any CPU.ActiveCfg = Release|Any CPU
		{F04FEE00-FC31-4CEA-A611-481483A67D78}.Release|Any CPU.Build.0 = Release|Any CPU
		{F04FEE00-FC31-4CEA-A611-481483A67D78}.Release|x64.ActiveCfg = Release|Any CPU
		{F04FEE00-FC31-4CEA-A611-481483A67D78}.Release|x64.Build.0 = Release|Any CPU
		{F04FEE00-FC31-4CEA-A611-481483A67D78}.Release|x86.ActiveCfg = Release|Any CPU
		{F04FEE00-FC31-4CEA-A611-481483A67D78}.Release|x86.Build.0 = Release|Any CPU
		{158DB991-8DE2-4035-8A3C-7E25585C4C15}.Debug|Any CPU.ActiveCfg = Debug|Any CPU
		{158DB991-8DE2-4035-8A3C-7E25585C4C15}.Debug|Any CPU.Build.0 = Debug|Any CPU
		{158DB991-8DE2-4035-8A3C-7E25585C4C15}.Debug|x64.ActiveCfg = Debug|Any CPU
		{158DB991-8DE2-4035-8A3C-7E25585C4C15}.Debug|x64.Build.0 = Debug|Any CPU
		{158DB991-8DE2-4035-8A3C-7E25585C4C15}.Debug|x86.ActiveCfg = Debug|Any CPU
		{158DB991-8DE2-4035-8A3C-7E25585C4C15}.Debug|x86.Build.0 = Debug|Any CPU
		{158DB991-8DE2-4035-8A3C-7E25585C4C15}.Release_Production|Any CPU.ActiveCfg = Debug|Any CPU
		{158DB991-8DE2-4035-8A3C-7E25585C4C15}.Release_Production|Any CPU.Build.0 = Debug|Any CPU
		{158DB991-8DE2-4035-8A3C-7E25585C4C15}.Release_Production|x64.ActiveCfg = Debug|Any CPU
		{158DB991-8DE2-4035-8A3C-7E25585C4C15}.Release_Production|x64.Build.0 = Debug|Any CPU
		{158DB991-8DE2-4035-8A3C-7E25585C4C15}.Release_Production|x86.ActiveCfg = Debug|Any CPU
		{158DB991-8DE2-4035-8A3C-7E25585C4C15}.Release_Production|x86.Build.0 = Debug|Any CPU
		{158DB991-8DE2-4035-8A3C-7E25585C4C15}.Release_Test|Any CPU.ActiveCfg = Debug|Any CPU
		{158DB991-8DE2-4035-8A3C-7E25585C4C15}.Release_Test|Any CPU.Build.0 = Debug|Any CPU
		{158DB991-8DE2-4035-8A3C-7E25585C4C15}.Release_Test|x64.ActiveCfg = Debug|Any CPU
		{158DB991-8DE2-4035-8A3C-7E25585C4C15}.Release_Test|x64.Build.0 = Debug|Any CPU
		{158DB991-8DE2-4035-8A3C-7E25585C4C15}.Release_Test|x86.ActiveCfg = Debug|Any CPU
		{158DB991-8DE2-4035-8A3C-7E25585C4C15}.Release_Test|x86.Build.0 = Debug|Any CPU
		{158DB991-8DE2-4035-8A3C-7E25585C4C15}.Release|Any CPU.ActiveCfg = Release|Any CPU
		{158DB991-8DE2-4035-8A3C-7E25585C4C15}.Release|Any CPU.Build.0 = Release|Any CPU
		{158DB991-8DE2-4035-8A3C-7E25585C4C15}.Release|x64.ActiveCfg = Release|Any CPU
		{158DB991-8DE2-4035-8A3C-7E25585C4C15}.Release|x64.Build.0 = Release|Any CPU
		{158DB991-8DE2-4035-8A3C-7E25585C4C15}.Release|x86.ActiveCfg = Release|Any CPU
		{158DB991-8DE2-4035-8A3C-7E25585C4C15}.Release|x86.Build.0 = Release|Any CPU
		{D7916862-EE6F-43C6-85E3-09FD2A2FD16F}.Debug|Any CPU.ActiveCfg = Debug|Any CPU
		{D7916862-EE6F-43C6-85E3-09FD2A2FD16F}.Debug|Any CPU.Build.0 = Debug|Any CPU
		{D7916862-EE6F-43C6-85E3-09FD2A2FD16F}.Debug|x64.ActiveCfg = Debug|Any CPU
		{D7916862-EE6F-43C6-85E3-09FD2A2FD16F}.Debug|x64.Build.0 = Debug|Any CPU
		{D7916862-EE6F-43C6-85E3-09FD2A2FD16F}.Debug|x86.ActiveCfg = Debug|Any CPU
		{D7916862-EE6F-43C6-85E3-09FD2A2FD16F}.Debug|x86.Build.0 = Debug|Any CPU
		{D7916862-EE6F-43C6-85E3-09FD2A2FD16F}.Release_Production|Any CPU.ActiveCfg = Debug|Any CPU
		{D7916862-EE6F-43C6-85E3-09FD2A2FD16F}.Release_Production|Any CPU.Build.0 = Debug|Any CPU
		{D7916862-EE6F-43C6-85E3-09FD2A2FD16F}.Release_Production|x64.ActiveCfg = Debug|Any CPU
		{D7916862-EE6F-43C6-85E3-09FD2A2FD16F}.Release_Production|x64.Build.0 = Debug|Any CPU
		{D7916862-EE6F-43C6-85E3-09FD2A2FD16F}.Release_Production|x86.ActiveCfg = Debug|Any CPU
		{D7916862-EE6F-43C6-85E3-09FD2A2FD16F}.Release_Production|x86.Build.0 = Debug|Any CPU
		{D7916862-EE6F-43C6-85E3-09FD2A2FD16F}.Release_Test|Any CPU.ActiveCfg = Debug|Any CPU
		{D7916862-EE6F-43C6-85E3-09FD2A2FD16F}.Release_Test|Any CPU.Build.0 = Debug|Any CPU
		{D7916862-EE6F-43C6-85E3-09FD2A2FD16F}.Release_Test|x64.ActiveCfg = Debug|Any CPU
		{D7916862-EE6F-43C6-85E3-09FD2A2FD16F}.Release_Test|x64.Build.0 = Debug|Any CPU
		{D7916862-EE6F-43C6-85E3-09FD2A2FD16F}.Release_Test|x86.ActiveCfg = Debug|Any CPU
		{D7916862-EE6F-43C6-85E3-09FD2A2FD16F}.Release_Test|x86.Build.0 = Debug|Any CPU
		{D7916862-EE6F-43C6-85E3-09FD2A2FD16F}.Release|Any CPU.ActiveCfg = Release|Any CPU
		{D7916862-EE6F-43C6-85E3-09FD2A2FD16F}.Release|Any CPU.Build.0 = Release|Any CPU
		{D7916862-EE6F-43C6-85E3-09FD2A2FD16F}.Release|x64.ActiveCfg = Release|Any CPU
		{D7916862-EE6F-43C6-85E3-09FD2A2FD16F}.Release|x64.Build.0 = Release|Any CPU
		{D7916862-EE6F-43C6-85E3-09FD2A2FD16F}.Release|x86.ActiveCfg = Release|Any CPU
		{D7916862-EE6F-43C6-85E3-09FD2A2FD16F}.Release|x86.Build.0 = Release|Any CPU
		{B7C8B86B-A779-42E9-AD44-78173296E374}.Debug|Any CPU.ActiveCfg = Debug|Any CPU
		{B7C8B86B-A779-42E9-AD44-78173296E374}.Debug|Any CPU.Build.0 = Debug|Any CPU
		{B7C8B86B-A779-42E9-AD44-78173296E374}.Debug|x64.ActiveCfg = Debug|Any CPU
		{B7C8B86B-A779-42E9-AD44-78173296E374}.Debug|x64.Build.0 = Debug|Any CPU
		{B7C8B86B-A779-42E9-AD44-78173296E374}.Debug|x86.ActiveCfg = Debug|Any CPU
		{B7C8B86B-A779-42E9-AD44-78173296E374}.Debug|x86.Build.0 = Debug|Any CPU
		{B7C8B86B-A779-42E9-AD44-78173296E374}.Release_Production|Any CPU.ActiveCfg = Debug|Any CPU
		{B7C8B86B-A779-42E9-AD44-78173296E374}.Release_Production|Any CPU.Build.0 = Debug|Any CPU
		{B7C8B86B-A779-42E9-AD44-78173296E374}.Release_Production|x64.ActiveCfg = Debug|Any CPU
		{B7C8B86B-A779-42E9-AD44-78173296E374}.Release_Production|x64.Build.0 = Debug|Any CPU
		{B7C8B86B-A779-42E9-AD44-78173296E374}.Release_Production|x86.ActiveCfg = Debug|Any CPU
		{B7C8B86B-A779-42E9-AD44-78173296E374}.Release_Production|x86.Build.0 = Debug|Any CPU
		{B7C8B86B-A779-42E9-AD44-78173296E374}.Release_Test|Any CPU.ActiveCfg = Debug|Any CPU
		{B7C8B86B-A779-42E9-AD44-78173296E374}.Release_Test|Any CPU.Build.0 = Debug|Any CPU
		{B7C8B86B-A779-42E9-AD44-78173296E374}.Release_Test|x64.ActiveCfg = Debug|Any CPU
		{B7C8B86B-A779-42E9-AD44-78173296E374}.Release_Test|x64.Build.0 = Debug|Any CPU
		{B7C8B86B-A779-42E9-AD44-78173296E374}.Release_Test|x86.ActiveCfg = Debug|Any CPU
		{B7C8B86B-A779-42E9-AD44-78173296E374}.Release_Test|x86.Build.0 = Debug|Any CPU
		{B7C8B86B-A779-42E9-AD44-78173296E374}.Release|Any CPU.ActiveCfg = Release|Any CPU
		{B7C8B86B-A779-42E9-AD44-78173296E374}.Release|Any CPU.Build.0 = Release|Any CPU
		{B7C8B86B-A779-42E9-AD44-78173296E374}.Release|x64.ActiveCfg = Release|Any CPU
		{B7C8B86B-A779-42E9-AD44-78173296E374}.Release|x64.Build.0 = Release|Any CPU
		{B7C8B86B-A779-42E9-AD44-78173296E374}.Release|x86.ActiveCfg = Release|Any CPU
		{B7C8B86B-A779-42E9-AD44-78173296E374}.Release|x86.Build.0 = Release|Any CPU
		{BE38BA8E-214E-4BFB-954A-823BD03871EB}.Debug|Any CPU.ActiveCfg = Debug|Any CPU
		{BE38BA8E-214E-4BFB-954A-823BD03871EB}.Debug|Any CPU.Build.0 = Debug|Any CPU
		{BE38BA8E-214E-4BFB-954A-823BD03871EB}.Debug|x64.ActiveCfg = Debug|Any CPU
		{BE38BA8E-214E-4BFB-954A-823BD03871EB}.Debug|x64.Build.0 = Debug|Any CPU
		{BE38BA8E-214E-4BFB-954A-823BD03871EB}.Debug|x86.ActiveCfg = Debug|Any CPU
		{BE38BA8E-214E-4BFB-954A-823BD03871EB}.Debug|x86.Build.0 = Debug|Any CPU
		{BE38BA8E-214E-4BFB-954A-823BD03871EB}.Release_Production|Any CPU.ActiveCfg = Debug|Any CPU
		{BE38BA8E-214E-4BFB-954A-823BD03871EB}.Release_Production|Any CPU.Build.0 = Debug|Any CPU
		{BE38BA8E-214E-4BFB-954A-823BD03871EB}.Release_Production|x64.ActiveCfg = Debug|Any CPU
		{BE38BA8E-214E-4BFB-954A-823BD03871EB}.Release_Production|x64.Build.0 = Debug|Any CPU
		{BE38BA8E-214E-4BFB-954A-823BD03871EB}.Release_Production|x86.ActiveCfg = Debug|Any CPU
		{BE38BA8E-214E-4BFB-954A-823BD03871EB}.Release_Production|x86.Build.0 = Debug|Any CPU
		{BE38BA8E-214E-4BFB-954A-823BD03871EB}.Release_Test|Any CPU.ActiveCfg = Debug|Any CPU
		{BE38BA8E-214E-4BFB-954A-823BD03871EB}.Release_Test|Any CPU.Build.0 = Debug|Any CPU
		{BE38BA8E-214E-4BFB-954A-823BD03871EB}.Release_Test|x64.ActiveCfg = Debug|Any CPU
		{BE38BA8E-214E-4BFB-954A-823BD03871EB}.Release_Test|x64.Build.0 = Debug|Any CPU
		{BE38BA8E-214E-4BFB-954A-823BD03871EB}.Release_Test|x86.ActiveCfg = Debug|Any CPU
		{BE38BA8E-214E-4BFB-954A-823BD03871EB}.Release_Test|x86.Build.0 = Debug|Any CPU
		{BE38BA8E-214E-4BFB-954A-823BD03871EB}.Release|Any CPU.ActiveCfg = Release|Any CPU
		{BE38BA8E-214E-4BFB-954A-823BD03871EB}.Release|Any CPU.Build.0 = Release|Any CPU
		{BE38BA8E-214E-4BFB-954A-823BD03871EB}.Release|x64.ActiveCfg = Release|Any CPU
		{BE38BA8E-214E-4BFB-954A-823BD03871EB}.Release|x64.Build.0 = Release|Any CPU
		{BE38BA8E-214E-4BFB-954A-823BD03871EB}.Release|x86.ActiveCfg = Release|Any CPU
		{BE38BA8E-214E-4BFB-954A-823BD03871EB}.Release|x86.Build.0 = Release|Any CPU
		{1616EF3B-BBB2-450D-B843-CB840F22F59F}.Debug|Any CPU.ActiveCfg = Debug|Any CPU
		{1616EF3B-BBB2-450D-B843-CB840F22F59F}.Debug|Any CPU.Build.0 = Debug|Any CPU
		{1616EF3B-BBB2-450D-B843-CB840F22F59F}.Debug|x64.ActiveCfg = Debug|Any CPU
		{1616EF3B-BBB2-450D-B843-CB840F22F59F}.Debug|x64.Build.0 = Debug|Any CPU
		{1616EF3B-BBB2-450D-B843-CB840F22F59F}.Debug|x86.ActiveCfg = Debug|Any CPU
		{1616EF3B-BBB2-450D-B843-CB840F22F59F}.Debug|x86.Build.0 = Debug|Any CPU
		{1616EF3B-BBB2-450D-B843-CB840F22F59F}.Release_Production|Any CPU.ActiveCfg = Debug|Any CPU
		{1616EF3B-BBB2-450D-B843-CB840F22F59F}.Release_Production|Any CPU.Build.0 = Debug|Any CPU
		{1616EF3B-BBB2-450D-B843-CB840F22F59F}.Release_Production|x64.ActiveCfg = Debug|Any CPU
		{1616EF3B-BBB2-450D-B843-CB840F22F59F}.Release_Production|x64.Build.0 = Debug|Any CPU
		{1616EF3B-BBB2-450D-B843-CB840F22F59F}.Release_Production|x86.ActiveCfg = Debug|Any CPU
		{1616EF3B-BBB2-450D-B843-CB840F22F59F}.Release_Production|x86.Build.0 = Debug|Any CPU
		{1616EF3B-BBB2-450D-B843-CB840F22F59F}.Release_Test|Any CPU.ActiveCfg = Debug|Any CPU
		{1616EF3B-BBB2-450D-B843-CB840F22F59F}.Release_Test|Any CPU.Build.0 = Debug|Any CPU
		{1616EF3B-BBB2-450D-B843-CB840F22F59F}.Release_Test|x64.ActiveCfg = Debug|Any CPU
		{1616EF3B-BBB2-450D-B843-CB840F22F59F}.Release_Test|x64.Build.0 = Debug|Any CPU
		{1616EF3B-BBB2-450D-B843-CB840F22F59F}.Release_Test|x86.ActiveCfg = Debug|Any CPU
		{1616EF3B-BBB2-450D-B843-CB840F22F59F}.Release_Test|x86.Build.0 = Debug|Any CPU
		{1616EF3B-BBB2-450D-B843-CB840F22F59F}.Release|Any CPU.ActiveCfg = Release|Any CPU
		{1616EF3B-BBB2-450D-B843-CB840F22F59F}.Release|Any CPU.Build.0 = Release|Any CPU
		{1616EF3B-BBB2-450D-B843-CB840F22F59F}.Release|x64.ActiveCfg = Release|Any CPU
		{1616EF3B-BBB2-450D-B843-CB840F22F59F}.Release|x64.Build.0 = Release|Any CPU
		{1616EF3B-BBB2-450D-B843-CB840F22F59F}.Release|x86.ActiveCfg = Release|Any CPU
		{1616EF3B-BBB2-450D-B843-CB840F22F59F}.Release|x86.Build.0 = Release|Any CPU
		{FAE75980-B597-4A03-89C5-060A9C35A146}.Debug|Any CPU.ActiveCfg = Debug|Any CPU
		{FAE75980-B597-4A03-89C5-060A9C35A146}.Debug|Any CPU.Build.0 = Debug|Any CPU
		{FAE75980-B597-4A03-89C5-060A9C35A146}.Debug|x64.ActiveCfg = Debug|Any CPU
		{FAE75980-B597-4A03-89C5-060A9C35A146}.Debug|x64.Build.0 = Debug|Any CPU
		{FAE75980-B597-4A03-89C5-060A9C35A146}.Debug|x86.ActiveCfg = Debug|Any CPU
		{FAE75980-B597-4A03-89C5-060A9C35A146}.Debug|x86.Build.0 = Debug|Any CPU
		{FAE75980-B597-4A03-89C5-060A9C35A146}.Release_Production|Any CPU.ActiveCfg = Debug|Any CPU
		{FAE75980-B597-4A03-89C5-060A9C35A146}.Release_Production|Any CPU.Build.0 = Debug|Any CPU
		{FAE75980-B597-4A03-89C5-060A9C35A146}.Release_Production|x64.ActiveCfg = Debug|Any CPU
		{FAE75980-B597-4A03-89C5-060A9C35A146}.Release_Production|x64.Build.0 = Debug|Any CPU
		{FAE75980-B597-4A03-89C5-060A9C35A146}.Release_Production|x86.ActiveCfg = Debug|Any CPU
		{FAE75980-B597-4A03-89C5-060A9C35A146}.Release_Production|x86.Build.0 = Debug|Any CPU
		{FAE75980-B597-4A03-89C5-060A9C35A146}.Release_Test|Any CPU.ActiveCfg = Debug|Any CPU
		{FAE75980-B597-4A03-89C5-060A9C35A146}.Release_Test|Any CPU.Build.0 = Debug|Any CPU
		{FAE75980-B597-4A03-89C5-060A9C35A146}.Release_Test|x64.ActiveCfg = Debug|Any CPU
		{FAE75980-B597-4A03-89C5-060A9C35A146}.Release_Test|x64.Build.0 = Debug|Any CPU
		{FAE75980-B597-4A03-89C5-060A9C35A146}.Release_Test|x86.ActiveCfg = Debug|Any CPU
		{FAE75980-B597-4A03-89C5-060A9C35A146}.Release_Test|x86.Build.0 = Debug|Any CPU
		{FAE75980-B597-4A03-89C5-060A9C35A146}.Release|Any CPU.ActiveCfg = Release|Any CPU
		{FAE75980-B597-4A03-89C5-060A9C35A146}.Release|Any CPU.Build.0 = Release|Any CPU
		{FAE75980-B597-4A03-89C5-060A9C35A146}.Release|x64.ActiveCfg = Release|Any CPU
		{FAE75980-B597-4A03-89C5-060A9C35A146}.Release|x64.Build.0 = Release|Any CPU
		{FAE75980-B597-4A03-89C5-060A9C35A146}.Release|x86.ActiveCfg = Release|Any CPU
		{FAE75980-B597-4A03-89C5-060A9C35A146}.Release|x86.Build.0 = Release|Any CPU
		{64CAD63C-79C5-4E20-9BE7-B3A58D6A3A92}.Debug|Any CPU.ActiveCfg = Debug|Any CPU
		{64CAD63C-79C5-4E20-9BE7-B3A58D6A3A92}.Debug|Any CPU.Build.0 = Debug|Any CPU
		{64CAD63C-79C5-4E20-9BE7-B3A58D6A3A92}.Debug|x64.ActiveCfg = Debug|Any CPU
		{64CAD63C-79C5-4E20-9BE7-B3A58D6A3A92}.Debug|x64.Build.0 = Debug|Any CPU
		{64CAD63C-79C5-4E20-9BE7-B3A58D6A3A92}.Debug|x86.ActiveCfg = Debug|Any CPU
		{64CAD63C-79C5-4E20-9BE7-B3A58D6A3A92}.Debug|x86.Build.0 = Debug|Any CPU
		{64CAD63C-79C5-4E20-9BE7-B3A58D6A3A92}.Release_Production|Any CPU.ActiveCfg = Debug|Any CPU
		{64CAD63C-79C5-4E20-9BE7-B3A58D6A3A92}.Release_Production|Any CPU.Build.0 = Debug|Any CPU
		{64CAD63C-79C5-4E20-9BE7-B3A58D6A3A92}.Release_Production|x64.ActiveCfg = Debug|Any CPU
		{64CAD63C-79C5-4E20-9BE7-B3A58D6A3A92}.Release_Production|x64.Build.0 = Debug|Any CPU
		{64CAD63C-79C5-4E20-9BE7-B3A58D6A3A92}.Release_Production|x86.ActiveCfg = Debug|Any CPU
		{64CAD63C-79C5-4E20-9BE7-B3A58D6A3A92}.Release_Production|x86.Build.0 = Debug|Any CPU
		{64CAD63C-79C5-4E20-9BE7-B3A58D6A3A92}.Release_Test|Any CPU.ActiveCfg = Debug|Any CPU
		{64CAD63C-79C5-4E20-9BE7-B3A58D6A3A92}.Release_Test|Any CPU.Build.0 = Debug|Any CPU
		{64CAD63C-79C5-4E20-9BE7-B3A58D6A3A92}.Release_Test|x64.ActiveCfg = Debug|Any CPU
		{64CAD63C-79C5-4E20-9BE7-B3A58D6A3A92}.Release_Test|x64.Build.0 = Debug|Any CPU
		{64CAD63C-79C5-4E20-9BE7-B3A58D6A3A92}.Release_Test|x86.ActiveCfg = Debug|Any CPU
		{64CAD63C-79C5-4E20-9BE7-B3A58D6A3A92}.Release_Test|x86.Build.0 = Debug|Any CPU
		{64CAD63C-79C5-4E20-9BE7-B3A58D6A3A92}.Release|Any CPU.ActiveCfg = Release|Any CPU
		{64CAD63C-79C5-4E20-9BE7-B3A58D6A3A92}.Release|Any CPU.Build.0 = Release|Any CPU
		{64CAD63C-79C5-4E20-9BE7-B3A58D6A3A92}.Release|x64.ActiveCfg = Release|Any CPU
		{64CAD63C-79C5-4E20-9BE7-B3A58D6A3A92}.Release|x64.Build.0 = Release|Any CPU
		{64CAD63C-79C5-4E20-9BE7-B3A58D6A3A92}.Release|x86.ActiveCfg = Release|Any CPU
		{64CAD63C-79C5-4E20-9BE7-B3A58D6A3A92}.Release|x86.Build.0 = Release|Any CPU
		{524E3DCA-A420-4D14-8F02-1688BF8E7007}.Debug|Any CPU.ActiveCfg = Debug|Any CPU
		{524E3DCA-A420-4D14-8F02-1688BF8E7007}.Debug|Any CPU.Build.0 = Debug|Any CPU
		{524E3DCA-A420-4D14-8F02-1688BF8E7007}.Debug|x64.ActiveCfg = Debug|Any CPU
		{524E3DCA-A420-4D14-8F02-1688BF8E7007}.Debug|x64.Build.0 = Debug|Any CPU
		{524E3DCA-A420-4D14-8F02-1688BF8E7007}.Debug|x86.ActiveCfg = Debug|Any CPU
		{524E3DCA-A420-4D14-8F02-1688BF8E7007}.Debug|x86.Build.0 = Debug|Any CPU
		{524E3DCA-A420-4D14-8F02-1688BF8E7007}.Release_Production|Any CPU.ActiveCfg = Debug|Any CPU
		{524E3DCA-A420-4D14-8F02-1688BF8E7007}.Release_Production|Any CPU.Build.0 = Debug|Any CPU
		{524E3DCA-A420-4D14-8F02-1688BF8E7007}.Release_Production|x64.ActiveCfg = Debug|Any CPU
		{524E3DCA-A420-4D14-8F02-1688BF8E7007}.Release_Production|x64.Build.0 = Debug|Any CPU
		{524E3DCA-A420-4D14-8F02-1688BF8E7007}.Release_Production|x86.ActiveCfg = Debug|Any CPU
		{524E3DCA-A420-4D14-8F02-1688BF8E7007}.Release_Production|x86.Build.0 = Debug|Any CPU
		{524E3DCA-A420-4D14-8F02-1688BF8E7007}.Release_Test|Any CPU.ActiveCfg = Debug|Any CPU
		{524E3DCA-A420-4D14-8F02-1688BF8E7007}.Release_Test|Any CPU.Build.0 = Debug|Any CPU
		{524E3DCA-A420-4D14-8F02-1688BF8E7007}.Release_Test|x64.ActiveCfg = Debug|Any CPU
		{524E3DCA-A420-4D14-8F02-1688BF8E7007}.Release_Test|x64.Build.0 = Debug|Any CPU
		{524E3DCA-A420-4D14-8F02-1688BF8E7007}.Release_Test|x86.ActiveCfg = Debug|Any CPU
		{524E3DCA-A420-4D14-8F02-1688BF8E7007}.Release_Test|x86.Build.0 = Debug|Any CPU
		{524E3DCA-A420-4D14-8F02-1688BF8E7007}.Release|Any CPU.ActiveCfg = Release|Any CPU
		{524E3DCA-A420-4D14-8F02-1688BF8E7007}.Release|Any CPU.Build.0 = Release|Any CPU
		{524E3DCA-A420-4D14-8F02-1688BF8E7007}.Release|x64.ActiveCfg = Release|Any CPU
		{524E3DCA-A420-4D14-8F02-1688BF8E7007}.Release|x64.Build.0 = Release|Any CPU
		{524E3DCA-A420-4D14-8F02-1688BF8E7007}.Release|x86.ActiveCfg = Release|Any CPU
		{524E3DCA-A420-4D14-8F02-1688BF8E7007}.Release|x86.Build.0 = Release|Any CPU
		{D9E6B647-0124-F3C5-5C02-4AF169B4C3DE}.Debug|Any CPU.ActiveCfg = Debug|Any CPU
		{D9E6B647-0124-F3C5-5C02-4AF169B4C3DE}.Debug|Any CPU.Build.0 = Debug|Any CPU
		{D9E6B647-0124-F3C5-5C02-4AF169B4C3DE}.Debug|x64.ActiveCfg = Debug|Any CPU
		{D9E6B647-0124-F3C5-5C02-4AF169B4C3DE}.Debug|x64.Build.0 = Debug|Any CPU
		{D9E6B647-0124-F3C5-5C02-4AF169B4C3DE}.Debug|x86.ActiveCfg = Debug|Any CPU
		{D9E6B647-0124-F3C5-5C02-4AF169B4C3DE}.Debug|x86.Build.0 = Debug|Any CPU
		{D9E6B647-0124-F3C5-5C02-4AF169B4C3DE}.Release_Production|Any CPU.ActiveCfg = Release|Any CPU
		{D9E6B647-0124-F3C5-5C02-4AF169B4C3DE}.Release_Production|Any CPU.Build.0 = Release|Any CPU
		{D9E6B647-0124-F3C5-5C02-4AF169B4C3DE}.Release_Production|x64.ActiveCfg = Release|Any CPU
		{D9E6B647-0124-F3C5-5C02-4AF169B4C3DE}.Release_Production|x64.Build.0 = Release|Any CPU
		{D9E6B647-0124-F3C5-5C02-4AF169B4C3DE}.Release_Production|x86.ActiveCfg = Release|Any CPU
		{D9E6B647-0124-F3C5-5C02-4AF169B4C3DE}.Release_Production|x86.Build.0 = Release|Any CPU
		{D9E6B647-0124-F3C5-5C02-4AF169B4C3DE}.Release_Test|Any CPU.ActiveCfg = Release|Any CPU
		{D9E6B647-0124-F3C5-5C02-4AF169B4C3DE}.Release_Test|Any CPU.Build.0 = Release|Any CPU
		{D9E6B647-0124-F3C5-5C02-4AF169B4C3DE}.Release_Test|x64.ActiveCfg = Release|Any CPU
		{D9E6B647-0124-F3C5-5C02-4AF169B4C3DE}.Release_Test|x64.Build.0 = Release|Any CPU
		{D9E6B647-0124-F3C5-5C02-4AF169B4C3DE}.Release_Test|x86.ActiveCfg = Release|Any CPU
		{D9E6B647-0124-F3C5-5C02-4AF169B4C3DE}.Release_Test|x86.Build.0 = Release|Any CPU
		{D9E6B647-0124-F3C5-5C02-4AF169B4C3DE}.Release|Any CPU.ActiveCfg = Release|Any CPU
		{D9E6B647-0124-F3C5-5C02-4AF169B4C3DE}.Release|Any CPU.Build.0 = Release|Any CPU
		{D9E6B647-0124-F3C5-5C02-4AF169B4C3DE}.Release|x64.ActiveCfg = Release|Any CPU
		{D9E6B647-0124-F3C5-5C02-4AF169B4C3DE}.Release|x64.Build.0 = Release|Any CPU
		{D9E6B647-0124-F3C5-5C02-4AF169B4C3DE}.Release|x86.ActiveCfg = Release|Any CPU
		{D9E6B647-0124-F3C5-5C02-4AF169B4C3DE}.Release|x86.Build.0 = Release|Any CPU
		{D293189C-7C32-3250-13CE-46ECC445D52B}.Debug|Any CPU.ActiveCfg = Debug|Any CPU
		{D293189C-7C32-3250-13CE-46ECC445D52B}.Debug|Any CPU.Build.0 = Debug|Any CPU
		{D293189C-7C32-3250-13CE-46ECC445D52B}.Debug|x64.ActiveCfg = Debug|Any CPU
		{D293189C-7C32-3250-13CE-46ECC445D52B}.Debug|x64.Build.0 = Debug|Any CPU
		{D293189C-7C32-3250-13CE-46ECC445D52B}.Debug|x86.ActiveCfg = Debug|Any CPU
		{D293189C-7C32-3250-13CE-46ECC445D52B}.Debug|x86.Build.0 = Debug|Any CPU
		{D293189C-7C32-3250-13CE-46ECC445D52B}.Release_Production|Any CPU.ActiveCfg = Release|Any CPU
		{D293189C-7C32-3250-13CE-46ECC445D52B}.Release_Production|Any CPU.Build.0 = Release|Any CPU
		{D293189C-7C32-3250-13CE-46ECC445D52B}.Release_Production|x64.ActiveCfg = Release|Any CPU
		{D293189C-7C32-3250-13CE-46ECC445D52B}.Release_Production|x64.Build.0 = Release|Any CPU
		{D293189C-7C32-3250-13CE-46ECC445D52B}.Release_Production|x86.ActiveCfg = Release|Any CPU
		{D293189C-7C32-3250-13CE-46ECC445D52B}.Release_Production|x86.Build.0 = Release|Any CPU
		{D293189C-7C32-3250-13CE-46ECC445D52B}.Release_Test|Any CPU.ActiveCfg = Release|Any CPU
		{D293189C-7C32-3250-13CE-46ECC445D52B}.Release_Test|Any CPU.Build.0 = Release|Any CPU
		{D293189C-7C32-3250-13CE-46ECC445D52B}.Release_Test|x64.ActiveCfg = Release|Any CPU
		{D293189C-7C32-3250-13CE-46ECC445D52B}.Release_Test|x64.Build.0 = Release|Any CPU
		{D293189C-7C32-3250-13CE-46ECC445D52B}.Release_Test|x86.ActiveCfg = Release|Any CPU
		{D293189C-7C32-3250-13CE-46ECC445D52B}.Release_Test|x86.Build.0 = Release|Any CPU
		{D293189C-7C32-3250-13CE-46ECC445D52B}.Release|Any CPU.ActiveCfg = Release|Any CPU
		{D293189C-7C32-3250-13CE-46ECC445D52B}.Release|Any CPU.Build.0 = Release|Any CPU
		{D293189C-7C32-3250-13CE-46ECC445D52B}.Release|x64.ActiveCfg = Release|Any CPU
		{D293189C-7C32-3250-13CE-46ECC445D52B}.Release|x64.Build.0 = Release|Any CPU
		{D293189C-7C32-3250-13CE-46ECC445D52B}.Release|x86.ActiveCfg = Release|Any CPU
		{D293189C-7C32-3250-13CE-46ECC445D52B}.Release|x86.Build.0 = Release|Any CPU
		{ECD10F75-137E-ED97-3AD1-2488FD193ABF}.Debug|Any CPU.ActiveCfg = Debug|Any CPU
		{ECD10F75-137E-ED97-3AD1-2488FD193ABF}.Debug|Any CPU.Build.0 = Debug|Any CPU
		{ECD10F75-137E-ED97-3AD1-2488FD193ABF}.Debug|x64.ActiveCfg = Debug|Any CPU
		{ECD10F75-137E-ED97-3AD1-2488FD193ABF}.Debug|x64.Build.0 = Debug|Any CPU
		{ECD10F75-137E-ED97-3AD1-2488FD193ABF}.Debug|x86.ActiveCfg = Debug|Any CPU
		{ECD10F75-137E-ED97-3AD1-2488FD193ABF}.Debug|x86.Build.0 = Debug|Any CPU
		{ECD10F75-137E-ED97-3AD1-2488FD193ABF}.Release_Production|Any CPU.ActiveCfg = Release|Any CPU
		{ECD10F75-137E-ED97-3AD1-2488FD193ABF}.Release_Production|Any CPU.Build.0 = Release|Any CPU
		{ECD10F75-137E-ED97-3AD1-2488FD193ABF}.Release_Production|x64.ActiveCfg = Release|Any CPU
		{ECD10F75-137E-ED97-3AD1-2488FD193ABF}.Release_Production|x64.Build.0 = Release|Any CPU
		{ECD10F75-137E-ED97-3AD1-2488FD193ABF}.Release_Production|x86.ActiveCfg = Release|Any CPU
		{ECD10F75-137E-ED97-3AD1-2488FD193ABF}.Release_Production|x86.Build.0 = Release|Any CPU
		{ECD10F75-137E-ED97-3AD1-2488FD193ABF}.Release_Test|Any CPU.ActiveCfg = Release|Any CPU
		{ECD10F75-137E-ED97-3AD1-2488FD193ABF}.Release_Test|Any CPU.Build.0 = Release|Any CPU
		{ECD10F75-137E-ED97-3AD1-2488FD193ABF}.Release_Test|x64.ActiveCfg = Release|Any CPU
		{ECD10F75-137E-ED97-3AD1-2488FD193ABF}.Release_Test|x64.Build.0 = Release|Any CPU
		{ECD10F75-137E-ED97-3AD1-2488FD193ABF}.Release_Test|x86.ActiveCfg = Release|Any CPU
		{ECD10F75-137E-ED97-3AD1-2488FD193ABF}.Release_Test|x86.Build.0 = Release|Any CPU
		{ECD10F75-137E-ED97-3AD1-2488FD193ABF}.Release|Any CPU.ActiveCfg = Release|Any CPU
		{ECD10F75-137E-ED97-3AD1-2488FD193ABF}.Release|Any CPU.Build.0 = Release|Any CPU
		{ECD10F75-137E-ED97-3AD1-2488FD193ABF}.Release|x64.ActiveCfg = Release|Any CPU
		{ECD10F75-137E-ED97-3AD1-2488FD193ABF}.Release|x64.Build.0 = Release|Any CPU
		{ECD10F75-137E-ED97-3AD1-2488FD193ABF}.Release|x86.ActiveCfg = Release|Any CPU
		{ECD10F75-137E-ED97-3AD1-2488FD193ABF}.Release|x86.Build.0 = Release|Any CPU
		{F231A9D4-A15F-4075-9C78-0DE7EB9EE331}.Debug|Any CPU.ActiveCfg = Debug|Any CPU
		{F231A9D4-A15F-4075-9C78-0DE7EB9EE331}.Debug|Any CPU.Build.0 = Debug|Any CPU
		{F231A9D4-A15F-4075-9C78-0DE7EB9EE331}.Debug|x64.ActiveCfg = Debug|Any CPU
		{F231A9D4-A15F-4075-9C78-0DE7EB9EE331}.Debug|x64.Build.0 = Debug|Any CPU
		{F231A9D4-A15F-4075-9C78-0DE7EB9EE331}.Debug|x86.ActiveCfg = Debug|Any CPU
		{F231A9D4-A15F-4075-9C78-0DE7EB9EE331}.Debug|x86.Build.0 = Debug|Any CPU
		{F231A9D4-A15F-4075-9C78-0DE7EB9EE331}.Release_Production|Any CPU.ActiveCfg = Debug|Any CPU
		{F231A9D4-A15F-4075-9C78-0DE7EB9EE331}.Release_Production|Any CPU.Build.0 = Debug|Any CPU
		{F231A9D4-A15F-4075-9C78-0DE7EB9EE331}.Release_Production|x64.ActiveCfg = Debug|Any CPU
		{F231A9D4-A15F-4075-9C78-0DE7EB9EE331}.Release_Production|x64.Build.0 = Debug|Any CPU
		{F231A9D4-A15F-4075-9C78-0DE7EB9EE331}.Release_Production|x86.ActiveCfg = Debug|Any CPU
		{F231A9D4-A15F-4075-9C78-0DE7EB9EE331}.Release_Production|x86.Build.0 = Debug|Any CPU
		{F231A9D4-A15F-4075-9C78-0DE7EB9EE331}.Release_Test|Any CPU.ActiveCfg = Debug|Any CPU
		{F231A9D4-A15F-4075-9C78-0DE7EB9EE331}.Release_Test|Any CPU.Build.0 = Debug|Any CPU
		{F231A9D4-A15F-4075-9C78-0DE7EB9EE331}.Release_Test|x64.ActiveCfg = Debug|Any CPU
		{F231A9D4-A15F-4075-9C78-0DE7EB9EE331}.Release_Test|x64.Build.0 = Debug|Any CPU
		{F231A9D4-A15F-4075-9C78-0DE7EB9EE331}.Release_Test|x86.ActiveCfg = Debug|Any CPU
		{F231A9D4-A15F-4075-9C78-0DE7EB9EE331}.Release_Test|x86.Build.0 = Debug|Any CPU
		{F231A9D4-A15F-4075-9C78-0DE7EB9EE331}.Release|Any CPU.ActiveCfg = Release|Any CPU
		{F231A9D4-A15F-4075-9C78-0DE7EB9EE331}.Release|Any CPU.Build.0 = Release|Any CPU
		{F231A9D4-A15F-4075-9C78-0DE7EB9EE331}.Release|x64.ActiveCfg = Release|Any CPU
		{F231A9D4-A15F-4075-9C78-0DE7EB9EE331}.Release|x64.Build.0 = Release|Any CPU
		{F231A9D4-A15F-4075-9C78-0DE7EB9EE331}.Release|x86.ActiveCfg = Release|Any CPU
		{F231A9D4-A15F-4075-9C78-0DE7EB9EE331}.Release|x86.Build.0 = Release|Any CPU
	EndGlobalSection
	GlobalSection(SolutionProperties) = preSolution
		HideSolutionNode = FALSE
	EndGlobalSection
	GlobalSection(NestedProjects) = preSolution
		{64917A78-2A8C-4103-8D40-3C84FE54061A} = {A25598C3-6DCB-41F9-4FEB-994D7B703ADE}
		{5A84A2DB-3CCC-418A-B8CC-D1111EE04DBF} = {A25598C3-6DCB-41F9-4FEB-994D7B703ADE}
		{49A7CAA3-B2D6-433F-9D5D-808A08966A22} = {A25598C3-6DCB-41F9-4FEB-994D7B703ADE}
		{D862379E-5FE9-297C-496B-7666CC34677E} = {5D0892C0-6339-BC0F-DF1F-A863E71B000D}
		{02B71FB0-F500-4E04-850B-6B9993408A5B} = {D862379E-5FE9-297C-496B-7666CC34677E}
		{B2D36286-7A53-404B-95B0-E7CB7E065658} = {D862379E-5FE9-297C-496B-7666CC34677E}
		{446652C5-5140-41D8-9285-A8D0FD6AAE5D} = {D862379E-5FE9-297C-496B-7666CC34677E}
		{70D12B7C-5F39-9FFA-677F-B6AB26FA7E82} = {5D0892C0-6339-BC0F-DF1F-A863E71B000D}
		{36436DC3-B0DC-4C2B-AEFA-BC3211770D65} = {70D12B7C-5F39-9FFA-677F-B6AB26FA7E82}
		{77EFC322-022D-4D1C-B8F7-FEB90BA54B73} = {70D12B7C-5F39-9FFA-677F-B6AB26FA7E82}
		{A8A29F12-CCD2-4743-8226-5E975333A031} = {70D12B7C-5F39-9FFA-677F-B6AB26FA7E82}
		{0861A7C3-7F0C-4B2B-A86E-F4224CEA539F} = {E3A569B9-478F-E6DB-6996-63F4D9CC99DD}
		{EB5A2D45-2959-E610-3BC2-BAD93B70E443} = {5D0892C0-6339-BC0F-DF1F-A863E71B000D}
		{6BAF3701-34F5-7714-3764-3E15BF5F1ADD} = {5D0892C0-6339-BC0F-DF1F-A863E71B000D}
		{95D746CB-C10B-486F-9C95-850B989EDA2B} = {6BAF3701-34F5-7714-3764-3E15BF5F1ADD}
		{FCD18C88-73A5-402E-9BF1-62541984BF27} = {6BAF3701-34F5-7714-3764-3E15BF5F1ADD}
		{D4A779C6-65D7-4060-B5D4-14F28179033E} = {6BAF3701-34F5-7714-3764-3E15BF5F1ADD}
		{261A1035-1755-4580-F732-F1323D7A9A6B} = {5D0892C0-6339-BC0F-DF1F-A863E71B000D}
		{F04FEE00-FC31-4CEA-A611-481483A67D78} = {261A1035-1755-4580-F732-F1323D7A9A6B}
		{158DB991-8DE2-4035-8A3C-7E25585C4C15} = {261A1035-1755-4580-F732-F1323D7A9A6B}
		{D7916862-EE6F-43C6-85E3-09FD2A2FD16F} = {261A1035-1755-4580-F732-F1323D7A9A6B}
		{F99B0ED4-AD27-76C9-2003-D1F40568CE7D} = {5D0892C0-6339-BC0F-DF1F-A863E71B000D}
		{B7C8B86B-A779-42E9-AD44-78173296E374} = {F99B0ED4-AD27-76C9-2003-D1F40568CE7D}
		{BE38BA8E-214E-4BFB-954A-823BD03871EB} = {F99B0ED4-AD27-76C9-2003-D1F40568CE7D}
		{1616EF3B-BBB2-450D-B843-CB840F22F59F} = {F99B0ED4-AD27-76C9-2003-D1F40568CE7D}
		{FAE75980-B597-4A03-89C5-060A9C35A146} = {E3A569B9-478F-E6DB-6996-63F4D9CC99DD}
		{64CAD63C-79C5-4E20-9BE7-B3A58D6A3A92} = {E3A569B9-478F-E6DB-6996-63F4D9CC99DD}
		{524E3DCA-A420-4D14-8F02-1688BF8E7007} = {A25598C3-6DCB-41F9-4FEB-994D7B703ADE}
		{D9E6B647-0124-F3C5-5C02-4AF169B4C3DE} = {EB5A2D45-2959-E610-3BC2-BAD93B70E443}
		{D293189C-7C32-3250-13CE-46ECC445D52B} = {EB5A2D45-2959-E610-3BC2-BAD93B70E443}
		{ECD10F75-137E-ED97-3AD1-2488FD193ABF} = {EB5A2D45-2959-E610-3BC2-BAD93B70E443}
		{F231A9D4-A15F-4075-9C78-0DE7EB9EE331} = {9E1C825F-2B65-2AD3-ECFC-87202A0647D4}
	EndGlobalSection
	GlobalSection(ExtensibilityGlobals) = postSolution
		SolutionGuid = {C1AAF0B5-EFD8-4091-9D7B-AB294BC9F0CE}
	EndGlobalSection
EndGlobal
