
Microsoft Visual Studio Solution File, Format Version 12.00
# Visual Studio Version 17
VisualStudioVersion = 17.11.35327.3
MinimumVisualStudioVersion = 10.0.40219.1
Project("{FAE04EC0-301F-11D3-BF4B-00C04F79EFBC}") = "UniManage.Application", "UniManage.Application\UniManage.Application.csproj", "{6F83D160-B59B-48C1-BEDF-4B8B72B8BA96}"
EndProject
Project("{FAE04EC0-301F-11D3-BF4B-00C04F79EFBC}") = "UniManage.Api", "UniManage.Api\UniManage.Api.csproj", "{4359A79A-B3A8-30F9-C026-D156F1D59232}"
EndProject
Project("{FAE04EC0-301F-11D3-BF4B-00C04F79EFBC}") = "UniManage.Core", "UniManage.Core\UniManage.Core.csproj", "{8CA3A258-7F47-80F3-0324-FFFB8852E7C5}"
EndProject
Project("{FAE04EC0-301F-11D3-BF4B-00C04F79EFBC}") = "UniManage.IdentityServer", "UniManage.IdentityServer\UniManage.IdentityServer.csproj", "{5CA14871-2A35-02C3-0387-5537400DF5E3}"
EndProject
Project("{FAE04EC0-301F-11D3-BF4B-00C04F79EFBC}") = "UniManage.Resource", "UniManage.Resource\UniManage.Resource.csproj", "{8F14BEDA-D9FC-D919-C12B-FE15FEDE706C}"
EndProject
Project("{2150E333-8FDC-42A3-9474-1A3956D46DE8}") = "_Share", "_Share", "{02EA681E-C7D8-13C7-8484-4AC65E1B71E8}"
EndProject
Global
	GlobalSection(SolutionConfigurationPlatforms) = preSolution
		Debug|Any CPU = Debug|Any CPU
		Debug|x64 = Debug|x64
		Debug|x86 = Debug|x86
		Release_Production|Any CPU = Release_Production|Any CPU
		Release_Production|x64 = Release_Production|x64
		Release_Production|x86 = Release_Production|x86
		Release_Test|Any CPU = Release_Test|Any CPU
		Release_Test|x64 = Release_Test|x64
		Release_Test|x86 = Release_Test|x86
		Release|Any CPU = Release|Any CPU
		Release|x64 = Release|x64
		Release|x86 = Release|x86
	EndGlobalSection
	GlobalSection(ProjectConfigurationPlatforms) = postSolution
		{6F83D160-B59B-48C1-BEDF-4B8B72B8BA96}.Debug|Any CPU.ActiveCfg = Debug|Any CPU
		{6F83D160-B59B-48C1-BEDF-4B8B72B8BA96}.Debug|Any CPU.Build.0 = Debug|Any CPU
		{6F83D160-B59B-48C1-BEDF-4B8B72B8BA96}.Debug|x64.ActiveCfg = Debug|Any CPU
		{6F83D160-B59B-48C1-BEDF-4B8B72B8BA96}.Debug|x64.Build.0 = Debug|Any CPU
		{6F83D160-B59B-48C1-BEDF-4B8B72B8BA96}.Debug|x86.ActiveCfg = Debug|Any CPU
		{6F83D160-B59B-48C1-BEDF-4B8B72B8BA96}.Debug|x86.Build.0 = Debug|Any CPU
		{6F83D160-B59B-48C1-BEDF-4B8B72B8BA96}.Release_Production|Any CPU.ActiveCfg = Debug|Any CPU
		{6F83D160-B59B-48C1-BEDF-4B8B72B8BA96}.Release_Production|Any CPU.Build.0 = Debug|Any CPU
		{6F83D160-B59B-48C1-BEDF-4B8B72B8BA96}.Release_Production|x64.ActiveCfg = Debug|Any CPU
		{6F83D160-B59B-48C1-BEDF-4B8B72B8BA96}.Release_Production|x64.Build.0 = Debug|Any CPU
		{6F83D160-B59B-48C1-BEDF-4B8B72B8BA96}.Release_Production|x86.ActiveCfg = Debug|Any CPU
		{6F83D160-B59B-48C1-BEDF-4B8B72B8BA96}.Release_Production|x86.Build.0 = Debug|Any CPU
		{6F83D160-B59B-48C1-BEDF-4B8B72B8BA96}.Release_Test|Any CPU.ActiveCfg = Debug|Any CPU
		{6F83D160-B59B-48C1-BEDF-4B8B72B8BA96}.Release_Test|Any CPU.Build.0 = Debug|Any CPU
		{6F83D160-B59B-48C1-BEDF-4B8B72B8BA96}.Release_Test|x64.ActiveCfg = Debug|Any CPU
		{6F83D160-B59B-48C1-BEDF-4B8B72B8BA96}.Release_Test|x64.Build.0 = Debug|Any CPU
		{6F83D160-B59B-48C1-BEDF-4B8B72B8BA96}.Release_Test|x86.ActiveCfg = Debug|Any CPU
		{6F83D160-B59B-48C1-BEDF-4B8B72B8BA96}.Release_Test|x86.Build.0 = Debug|Any CPU
		{6F83D160-B59B-48C1-BEDF-4B8B72B8BA96}.Release|Any CPU.ActiveCfg = Release|Any CPU
		{6F83D160-B59B-48C1-BEDF-4B8B72B8BA96}.Release|Any CPU.Build.0 = Release|Any CPU
		{6F83D160-B59B-48C1-BEDF-4B8B72B8BA96}.Release|x64.ActiveCfg = Release|Any CPU
		{6F83D160-B59B-48C1-BEDF-4B8B72B8BA96}.Release|x64.Build.0 = Release|Any CPU
		{6F83D160-B59B-48C1-BEDF-4B8B72B8BA96}.Release|x86.ActiveCfg = Release|Any CPU
		{6F83D160-B59B-48C1-BEDF-4B8B72B8BA96}.Release|x86.Build.0 = Release|Any CPU
		{4359A79A-B3A8-30F9-C026-D156F1D59232}.Debug|Any CPU.ActiveCfg = Debug|Any CPU
		{4359A79A-B3A8-30F9-C026-D156F1D59232}.Debug|Any CPU.Build.0 = Debug|Any CPU
		{4359A79A-B3A8-30F9-C026-D156F1D59232}.Debug|x64.ActiveCfg = Debug|Any CPU
		{4359A79A-B3A8-30F9-C026-D156F1D59232}.Debug|x64.Build.0 = Debug|Any CPU
		{4359A79A-B3A8-30F9-C026-D156F1D59232}.Debug|x86.ActiveCfg = Debug|Any CPU
		{4359A79A-B3A8-30F9-C026-D156F1D59232}.Debug|x86.Build.0 = Debug|Any CPU
		{4359A79A-B3A8-30F9-C026-D156F1D59232}.Release_Production|Any CPU.ActiveCfg = Release|Any CPU
		{4359A79A-B3A8-30F9-C026-D156F1D59232}.Release_Production|Any CPU.Build.0 = Release|Any CPU
		{4359A79A-B3A8-30F9-C026-D156F1D59232}.Release_Production|x64.ActiveCfg = Release|Any CPU
		{4359A79A-B3A8-30F9-C026-D156F1D59232}.Release_Production|x64.Build.0 = Release|Any CPU
		{4359A79A-B3A8-30F9-C026-D156F1D59232}.Release_Production|x86.ActiveCfg = Release|Any CPU
		{4359A79A-B3A8-30F9-C026-D156F1D59232}.Release_Production|x86.Build.0 = Release|Any CPU
		{4359A79A-B3A8-30F9-C026-D156F1D59232}.Release_Test|Any CPU.ActiveCfg = Release|Any CPU
		{4359A79A-B3A8-30F9-C026-D156F1D59232}.Release_Test|Any CPU.Build.0 = Release|Any CPU
		{4359A79A-B3A8-30F9-C026-D156F1D59232}.Release_Test|x64.ActiveCfg = Release|Any CPU
		{4359A79A-B3A8-30F9-C026-D156F1D59232}.Release_Test|x64.Build.0 = Release|Any CPU
		{4359A79A-B3A8-30F9-C026-D156F1D59232}.Release_Test|x86.ActiveCfg = Release|Any CPU
		{4359A79A-B3A8-30F9-C026-D156F1D59232}.Release_Test|x86.Build.0 = Release|Any CPU
		{4359A79A-B3A8-30F9-C026-D156F1D59232}.Release|Any CPU.ActiveCfg = Release|Any CPU
		{4359A79A-B3A8-30F9-C026-D156F1D59232}.Release|Any CPU.Build.0 = Release|Any CPU
		{4359A79A-B3A8-30F9-C026-D156F1D59232}.Release|x64.ActiveCfg = Release|Any CPU
		{4359A79A-B3A8-30F9-C026-D156F1D59232}.Release|x64.Build.0 = Release|Any CPU
		{4359A79A-B3A8-30F9-C026-D156F1D59232}.Release|x86.ActiveCfg = Release|Any CPU
		{4359A79A-B3A8-30F9-C026-D156F1D59232}.Release|x86.Build.0 = Release|Any CPU
		{8CA3A258-7F47-80F3-0324-FFFB8852E7C5}.Debug|Any CPU.ActiveCfg = Debug|Any CPU
		{8CA3A258-7F47-80F3-0324-FFFB8852E7C5}.Debug|Any CPU.Build.0 = Debug|Any CPU
		{8CA3A258-7F47-80F3-0324-FFFB8852E7C5}.Debug|x64.ActiveCfg = Debug|Any CPU
		{8CA3A258-7F47-80F3-0324-FFFB8852E7C5}.Debug|x64.Build.0 = Debug|Any CPU
		{8CA3A258-7F47-80F3-0324-FFFB8852E7C5}.Debug|x86.ActiveCfg = Debug|Any CPU
		{8CA3A258-7F47-80F3-0324-FFFB8852E7C5}.Debug|x86.Build.0 = Debug|Any CPU
		{8CA3A258-7F47-80F3-0324-FFFB8852E7C5}.Release_Production|Any CPU.ActiveCfg = Release|Any CPU
		{8CA3A258-7F47-80F3-0324-FFFB8852E7C5}.Release_Production|Any CPU.Build.0 = Release|Any CPU
		{8CA3A258-7F47-80F3-0324-FFFB8852E7C5}.Release_Production|x64.ActiveCfg = Release|Any CPU
		{8CA3A258-7F47-80F3-0324-FFFB8852E7C5}.Release_Production|x64.Build.0 = Release|Any CPU
		{8CA3A258-7F47-80F3-0324-FFFB8852E7C5}.Release_Production|x86.ActiveCfg = Release|Any CPU
		{8CA3A258-7F47-80F3-0324-FFFB8852E7C5}.Release_Production|x86.Build.0 = Release|Any CPU
		{8CA3A258-7F47-80F3-0324-FFFB8852E7C5}.Release_Test|Any CPU.ActiveCfg = Release|Any CPU
		{8CA3A258-7F47-80F3-0324-FFFB8852E7C5}.Release_Test|Any CPU.Build.0 = Release|Any CPU
		{8CA3A258-7F47-80F3-0324-FFFB8852E7C5}.Release_Test|x64.ActiveCfg = Release|Any CPU
		{8CA3A258-7F47-80F3-0324-FFFB8852E7C5}.Release_Test|x64.Build.0 = Release|Any CPU
		{8CA3A258-7F47-80F3-0324-FFFB8852E7C5}.Release_Test|x86.ActiveCfg = Release|Any CPU
		{8CA3A258-7F47-80F3-0324-FFFB8852E7C5}.Release_Test|x86.Build.0 = Release|Any CPU
		{8CA3A258-7F47-80F3-0324-FFFB8852E7C5}.Release|Any CPU.ActiveCfg = Release|Any CPU
		{8CA3A258-7F47-80F3-0324-FFFB8852E7C5}.Release|Any CPU.Build.0 = Release|Any CPU
		{8CA3A258-7F47-80F3-0324-FFFB8852E7C5}.Release|x64.ActiveCfg = Release|Any CPU
		{8CA3A258-7F47-80F3-0324-FFFB8852E7C5}.Release|x64.Build.0 = Release|Any CPU
		{8CA3A258-7F47-80F3-0324-FFFB8852E7C5}.Release|x86.ActiveCfg = Release|Any CPU
		{8CA3A258-7F47-80F3-0324-FFFB8852E7C5}.Release|x86.Build.0 = Release|Any CPU
		{5CA14871-2A35-02C3-0387-5537400DF5E3}.Debug|Any CPU.ActiveCfg = Debug|Any CPU
		{5CA14871-2A35-02C3-0387-5537400DF5E3}.Debug|Any CPU.Build.0 = Debug|Any CPU
		{5CA14871-2A35-02C3-0387-5537400DF5E3}.Debug|x64.ActiveCfg = Debug|Any CPU
		{5CA14871-2A35-02C3-0387-5537400DF5E3}.Debug|x64.Build.0 = Debug|Any CPU
		{5CA14871-2A35-02C3-0387-5537400DF5E3}.Debug|x86.ActiveCfg = Debug|Any CPU
		{5CA14871-2A35-02C3-0387-5537400DF5E3}.Debug|x86.Build.0 = Debug|Any CPU
		{5CA14871-2A35-02C3-0387-5537400DF5E3}.Release_Production|Any CPU.ActiveCfg = Release|Any CPU
		{5CA14871-2A35-02C3-0387-5537400DF5E3}.Release_Production|Any CPU.Build.0 = Release|Any CPU
		{5CA14871-2A35-02C3-0387-5537400DF5E3}.Release_Production|x64.ActiveCfg = Release|Any CPU
		{5CA14871-2A35-02C3-0387-5537400DF5E3}.Release_Production|x64.Build.0 = Release|Any CPU
		{5CA14871-2A35-02C3-0387-5537400DF5E3}.Release_Production|x86.ActiveCfg = Release|Any CPU
		{5CA14871-2A35-02C3-0387-5537400DF5E3}.Release_Production|x86.Build.0 = Release|Any CPU
		{5CA14871-2A35-02C3-0387-5537400DF5E3}.Release_Test|Any CPU.ActiveCfg = Release|Any CPU
		{5CA14871-2A35-02C3-0387-5537400DF5E3}.Release_Test|Any CPU.Build.0 = Release|Any CPU
		{5CA14871-2A35-02C3-0387-5537400DF5E3}.Release_Test|x64.ActiveCfg = Release|Any CPU
		{5CA14871-2A35-02C3-0387-5537400DF5E3}.Release_Test|x64.Build.0 = Release|Any CPU
		{5CA14871-2A35-02C3-0387-5537400DF5E3}.Release_Test|x86.ActiveCfg = Release|Any CPU
		{5CA14871-2A35-02C3-0387-5537400DF5E3}.Release_Test|x86.Build.0 = Release|Any CPU
		{5CA14871-2A35-02C3-0387-5537400DF5E3}.Release|Any CPU.ActiveCfg = Release|Any CPU
		{5CA14871-2A35-02C3-0387-5537400DF5E3}.Release|Any CPU.Build.0 = Release|Any CPU
		{5CA14871-2A35-02C3-0387-5537400DF5E3}.Release|x64.ActiveCfg = Release|Any CPU
		{5CA14871-2A35-02C3-0387-5537400DF5E3}.Release|x64.Build.0 = Release|Any CPU
		{5CA14871-2A35-02C3-0387-5537400DF5E3}.Release|x86.ActiveCfg = Release|Any CPU
		{5CA14871-2A35-02C3-0387-5537400DF5E3}.Release|x86.Build.0 = Release|Any CPU
		{8F14BEDA-D9FC-D919-C12B-FE15FEDE706C}.Debug|Any CPU.ActiveCfg = Debug|Any CPU
		{8F14BEDA-D9FC-D919-C12B-FE15FEDE706C}.Debug|Any CPU.Build.0 = Debug|Any CPU
		{8F14BEDA-D9FC-D919-C12B-FE15FEDE706C}.Debug|x64.ActiveCfg = Debug|Any CPU
		{8F14BEDA-D9FC-D919-C12B-FE15FEDE706C}.Debug|x64.Build.0 = Debug|Any CPU
		{8F14BEDA-D9FC-D919-C12B-FE15FEDE706C}.Debug|x86.ActiveCfg = Debug|Any CPU
		{8F14BEDA-D9FC-D919-C12B-FE15FEDE706C}.Debug|x86.Build.0 = Debug|Any CPU
		{8F14BEDA-D9FC-D919-C12B-FE15FEDE706C}.Release_Production|Any CPU.ActiveCfg = Release|Any CPU
		{8F14BEDA-D9FC-D919-C12B-FE15FEDE706C}.Release_Production|Any CPU.Build.0 = Release|Any CPU
		{8F14BEDA-D9FC-D919-C12B-FE15FEDE706C}.Release_Production|x64.ActiveCfg = Release|Any CPU
		{8F14BEDA-D9FC-D919-C12B-FE15FEDE706C}.Release_Production|x64.Build.0 = Release|Any CPU
		{8F14BEDA-D9FC-D919-C12B-FE15FEDE706C}.Release_Production|x86.ActiveCfg = Release|Any CPU
		{8F14BEDA-D9FC-D919-C12B-FE15FEDE706C}.Release_Production|x86.Build.0 = Release|Any CPU
		{8F14BEDA-D9FC-D919-C12B-FE15FEDE706C}.Release_Test|Any CPU.ActiveCfg = Release|Any CPU
		{8F14BEDA-D9FC-D919-C12B-FE15FEDE706C}.Release_Test|Any CPU.Build.0 = Release|Any CPU
		{8F14BEDA-D9FC-D919-C12B-FE15FEDE706C}.Release_Test|x64.ActiveCfg = Release|Any CPU
		{8F14BEDA-D9FC-D919-C12B-FE15FEDE706C}.Release_Test|x64.Build.0 = Release|Any CPU
		{8F14BEDA-D9FC-D919-C12B-FE15FEDE706C}.Release_Test|x86.ActiveCfg = Release|Any CPU
		{8F14BEDA-D9FC-D919-C12B-FE15FEDE706C}.Release_Test|x86.Build.0 = Release|Any CPU
		{8F14BEDA-D9FC-D919-C12B-FE15FEDE706C}.Release|Any CPU.ActiveCfg = Release|Any CPU
		{8F14BEDA-D9FC-D919-C12B-FE15FEDE706C}.Release|Any CPU.Build.0 = Release|Any CPU
		{8F14BEDA-D9FC-D919-C12B-FE15FEDE706C}.Release|x64.ActiveCfg = Release|Any CPU
		{8F14BEDA-D9FC-D919-C12B-FE15FEDE706C}.Release|x64.Build.0 = Release|Any CPU
		{8F14BEDA-D9FC-D919-C12B-FE15FEDE706C}.Release|x86.ActiveCfg = Release|Any CPU
		{8F14BEDA-D9FC-D919-C12B-FE15FEDE706C}.Release|x86.Build.0 = Release|Any CPU
	EndGlobalSection
	GlobalSection(SolutionProperties) = preSolution
		HideSolutionNode = FALSE
	EndGlobalSection
	GlobalSection(NestedProjects) = preSolution
		{6F83D160-B59B-48C1-BEDF-4B8B72B8BA96} = {02EA681E-C7D8-13C7-8484-4AC65E1B71E8}
		{8CA3A258-7F47-80F3-0324-FFFB8852E7C5} = {02EA681E-C7D8-13C7-8484-4AC65E1B71E8}
		{8F14BEDA-D9FC-D919-C12B-FE15FEDE706C} = {02EA681E-C7D8-13C7-8484-4AC65E1B71E8}
	EndGlobalSection
	GlobalSection(ExtensibilityGlobals) = postSolution
		SolutionGuid = {C1AAF0B5-EFD8-4091-9D7B-AB294BC9F0CE}
	EndGlobalSection
EndGlobal
